// !$*UTF8*$!
{
	archiveVersion = 1;
	classes = {
	};
	objectVersion = 56;
	objects = {

/* Begin PBXBuildFile section */
		C802C5F42B4C86FE0069033B /* StyledButton.swift in Sources */ = {isa = PBXBuildFile; fileRef = C802C5F32B4C86FE0069033B /* StyledButton.swift */; };
		C802C5F62B4C881F0069033B /* StyledTextField.swift in Sources */ = {isa = PBXBuildFile; fileRef = C802C5F52B4C881F0069033B /* StyledTextField.swift */; };
		C802C5F82B4C895A0069033B /* Colors.xcassets in Resources */ = {isa = PBXBuildFile; fileRef = C802C5F72B4C895A0069033B /* Colors.xcassets */; };
		C802C5FA2B4C8B2B0069033B /* StyledPasswordTextField.swift in Sources */ = {isa = PBXBuildFile; fileRef = C802C5F92B4C8B2B0069033B /* StyledPasswordTextField.swift */; };
		C802C5FC2B4C8BC80069033B /* UITextField+Extensions.swift in Sources */ = {isa = PBXBuildFile; fileRef = C802C5FB2B4C8BC80069033B /* UITextField+Extensions.swift */; };
		C802C5FE2B4C8CEA0069033B /* UserDefaultManager.swift in Sources */ = {isa = PBXBuildFile; fileRef = C802C5FD2B4C8CEA0069033B /* UserDefaultManager.swift */; };
		C802C6002B4C8D6F0069033B /* Colors.swift in Sources */ = {isa = PBXBuildFile; fileRef = C802C5FF2B4C8D6F0069033B /* Colors.swift */; };
		C802C6022B4C99620069033B /* UIView+Extensions.swift in Sources */ = {isa = PBXBuildFile; fileRef = C802C6012B4C99620069033B /* UIView+Extensions.swift */; };
		C802C6042B4CAAD50069033B /* PaddedLabel.swift in Sources */ = {isa = PBXBuildFile; fileRef = C802C6032B4CAAD50069033B /* PaddedLabel.swift */; };
		C802C6082B4CB0EB0069033B /* SignupVC.swift in Sources */ = {isa = PBXBuildFile; fileRef = C802C6062B4CB0EB0069033B /* SignupVC.swift */; };
		C802C6092B4CB0EB0069033B /* SignupVC.xib in Resources */ = {isa = PBXBuildFile; fileRef = C802C6072B4CB0EB0069033B /* SignupVC.xib */; };
		C802C60B2B4CB5FE0069033B /* SignupCoordinator.swift in Sources */ = {isa = PBXBuildFile; fileRef = C802C60A2B4CB5FE0069033B /* SignupCoordinator.swift */; };
		C802C60E2B4D29B20069033B /* Alamofire in Frameworks */ = {isa = PBXBuildFile; productRef = C802C60D2B4D29B20069033B /* Alamofire */; };
		C802C6112B4D2AFE0069033B /* RxCocoa in Frameworks */ = {isa = PBXBuildFile; productRef = C802C6102B4D2AFE0069033B /* RxCocoa */; };
		C802C6132B4D2AFE0069033B /* RxRelay in Frameworks */ = {isa = PBXBuildFile; productRef = C802C6122B4D2AFE0069033B /* RxRelay */; };
		C802C6152B4D2AFE0069033B /* RxSwift in Frameworks */ = {isa = PBXBuildFile; productRef = C802C6142B4D2AFE0069033B /* RxSwift */; };
		C802C6172B4D2B290069033B /* NetworkService.swift in Sources */ = {isa = PBXBuildFile; fileRef = C802C6162B4D2B290069033B /* NetworkService.swift */; };
		C802C6192B4D2B5A0069033B /* Endpoint.swift in Sources */ = {isa = PBXBuildFile; fileRef = C802C6182B4D2B5A0069033B /* Endpoint.swift */; };
		C802C61C2B4D2BBC0069033B /* Constants.swift in Sources */ = {isa = PBXBuildFile; fileRef = C802C61B2B4D2BBC0069033B /* Constants.swift */; };
		C802C61F2B4D30690069033B /* IQKeyboardManagerSwift in Frameworks */ = {isa = PBXBuildFile; productRef = C802C61E2B4D30690069033B /* IQKeyboardManagerSwift */; };
		C802C6242B4D31110069033B /* LoginViewModel.swift in Sources */ = {isa = PBXBuildFile; fileRef = C802C6232B4D31110069033B /* LoginViewModel.swift */; };
		C802C6272B4D36010069033B /* LoginModel.swift in Sources */ = {isa = PBXBuildFile; fileRef = C802C6262B4D36010069033B /* LoginModel.swift */; };
		C802C62C2B4D477F0069033B /* HomeVC.swift in Sources */ = {isa = PBXBuildFile; fileRef = C802C62A2B4D477F0069033B /* HomeVC.swift */; };
		C802C62D2B4D477F0069033B /* HomeVC.xib in Resources */ = {isa = PBXBuildFile; fileRef = C802C62B2B4D477F0069033B /* HomeVC.xib */; };
		C802C6342B4D49D40069033B /* UserInformationCard.swift in Sources */ = {isa = PBXBuildFile; fileRef = C802C6322B4D49D40069033B /* UserInformationCard.swift */; };
		C802C6372B4D5F260069033B /* BasicNetworkService.swift in Sources */ = {isa = PBXBuildFile; fileRef = C802C6362B4D5F260069033B /* BasicNetworkService.swift */; };
		C802C6392B4D612C0069033B /* HomeCoordinator.swift in Sources */ = {isa = PBXBuildFile; fileRef = C802C6382B4D612C0069033B /* HomeCoordinator.swift */; };
		C802C63D2B4D61AB0069033B /* HomeViewModel.swift in Sources */ = {isa = PBXBuildFile; fileRef = C802C63C2B4D61AB0069033B /* HomeViewModel.swift */; };
		C802C63F2B4D68D80069033B /* UserInformationCard.xib in Resources */ = {isa = PBXBuildFile; fileRef = C802C63E2B4D68D80069033B /* UserInformationCard.xib */; };
		C816C59C2B4DB9790059E1A4 /* UIViewController + Extensions.swift in Sources */ = {isa = PBXBuildFile; fileRef = C816C59B2B4DB9790059E1A4 /* UIViewController + Extensions.swift */; };
		C816C5A12B4DCFDF0059E1A4 /* SignupViewModel.swift in Sources */ = {isa = PBXBuildFile; fileRef = C816C5A02B4DCFDF0059E1A4 /* SignupViewModel.swift */; };
		C816C5A52B4DF2550059E1A4 /* ToastManager.swift in Sources */ = {isa = PBXBuildFile; fileRef = C816C5A42B4DF2550059E1A4 /* ToastManager.swift */; };
		C816C5A72B4DF26E0059E1A4 /* KeyboardStateManager.swift in Sources */ = {isa = PBXBuildFile; fileRef = C816C5A62B4DF26E0059E1A4 /* KeyboardStateManager.swift */; };
		C816C5A92B4DF2BC0059E1A4 /* ToastView.swift in Sources */ = {isa = PBXBuildFile; fileRef = C816C5A82B4DF2BC0059E1A4 /* ToastView.swift */; };
		C816C5AB2B4DF2DB0059E1A4 /* ToastView.xib in Resources */ = {isa = PBXBuildFile; fileRef = C816C5AA2B4DF2DB0059E1A4 /* ToastView.xib */; };
		C837A4F22B4C2309009E873D /* AppDelegate.swift in Sources */ = {isa = PBXBuildFile; fileRef = C837A4F12B4C2309009E873D /* AppDelegate.swift */; };
		C837A4F42B4C2309009E873D /* SceneDelegate.swift in Sources */ = {isa = PBXBuildFile; fileRef = C837A4F32B4C2309009E873D /* SceneDelegate.swift */; };
		C837A4FB2B4C230B009E873D /* Assets.xcassets in Resources */ = {isa = PBXBuildFile; fileRef = C837A4FA2B4C230B009E873D /* Assets.xcassets */; };
		C837A4FE2B4C230B009E873D /* LaunchScreen.storyboard in Resources */ = {isa = PBXBuildFile; fileRef = C837A4FC2B4C230B009E873D /* LaunchScreen.storyboard */; };
		C837A5092B4C230B009E873D /* MYCash_TaskTests.swift in Sources */ = {isa = PBXBuildFile; fileRef = C837A5082B4C230B009E873D /* MYCash_TaskTests.swift */; };
		C837A5132B4C230B009E873D /* MYCash_TaskUITests.swift in Sources */ = {isa = PBXBuildFile; fileRef = C837A5122B4C230B009E873D /* MYCash_TaskUITests.swift */; };
		C837A5152B4C230B009E873D /* MYCash_TaskUITestsLaunchTests.swift in Sources */ = {isa = PBXBuildFile; fileRef = C837A5142B4C230B009E873D /* MYCash_TaskUITestsLaunchTests.swift */; };
		C837A52B2B4C270D009E873D /* AppCoordinator.swift in Sources */ = {isa = PBXBuildFile; fileRef = C837A52A2B4C270D009E873D /* AppCoordinator.swift */; };
		C837A52D2B4C2BEA009E873D /* LoginCoordinator.swift in Sources */ = {isa = PBXBuildFile; fileRef = C837A52C2B4C2BEA009E873D /* LoginCoordinator.swift */; };
		C837A5312B4C2CA9009E873D /* LoginVC.swift in Sources */ = {isa = PBXBuildFile; fileRef = C837A52F2B4C2CA9009E873D /* LoginVC.swift */; };
		C837A5322B4C2CA9009E873D /* LoginVC.xib in Resources */ = {isa = PBXBuildFile; fileRef = C837A5302B4C2CA9009E873D /* LoginVC.xib */; };
		C837A5362B4C2CF4009E873D /* SplashScreenVC.swift in Sources */ = {isa = PBXBuildFile; fileRef = C837A5342B4C2CF4009E873D /* SplashScreenVC.swift */; };
		C837A5372B4C2CF4009E873D /* SplashScreenVC.xib in Resources */ = {isa = PBXBuildFile; fileRef = C837A5352B4C2CF4009E873D /* SplashScreenVC.xib */; };
		C837A5392B4C2E30009E873D /* SplashScreenCoordinator.swift in Sources */ = {isa = PBXBuildFile; fileRef = C837A5382B4C2E30009E873D /* SplashScreenCoordinator.swift */; };
		C871121A2B4ED89200B407F9 /* TrendingNowCard.xib in Resources */ = {isa = PBXBuildFile; fileRef = C87112192B4ED89200B407F9 /* TrendingNowCard.xib */; };
		C871121C2B4ED8AA00B407F9 /* TrendingNowCard.swift in Sources */ = {isa = PBXBuildFile; fileRef = C871121B2B4ED8AA00B407F9 /* TrendingNowCard.swift */; };
		C87112202B4EDB5700B407F9 /* TrendingCollectionViewCell.swift in Sources */ = {isa = PBXBuildFile; fileRef = C871121E2B4EDB5700B407F9 /* TrendingCollectionViewCell.swift */; };
		C87112212B4EDB5700B407F9 /* TrendingCollectionViewCell.xib in Resources */ = {isa = PBXBuildFile; fileRef = C871121F2B4EDB5700B407F9 /* TrendingCollectionViewCell.xib */; };
		C87112242B4F181400B407F9 /* SDWebImage in Frameworks */ = {isa = PBXBuildFile; productRef = C87112232B4F181400B407F9 /* SDWebImage */; };
		C87112292B4F185600B407F9 /* HomeCategoryModel.swift in Sources */ = {isa = PBXBuildFile; fileRef = C87112282B4F185600B407F9 /* HomeCategoryModel.swift */; };
		C871122B2B4F19D100B407F9 /* HomeCategoryViewModel.swift in Sources */ = {isa = PBXBuildFile; fileRef = C871122A2B4F19D100B407F9 /* HomeCategoryViewModel.swift */; };
		C87112302B4F29EF00B407F9 /* PopularModel.swift in Sources */ = {isa = PBXBuildFile; fileRef = C871122F2B4F29EF00B407F9 /* PopularModel.swift */; };
		C87112322B4F2C3500B407F9 /* PopularViewModel.swift in Sources */ = {isa = PBXBuildFile; fileRef = C87112312B4F2C3500B407F9 /* PopularViewModel.swift */; };
		C8E28E3C2B4F3B3A00BC41FF /* TrendingModel.swift in Sources */ = {isa = PBXBuildFile; fileRef = C8E28E3B2B4F3B3A00BC41FF /* TrendingModel.swift */; };
		C8E28E3E2B4F3B4C00BC41FF /* HomeTrendingViewModel.swift in Sources */ = {isa = PBXBuildFile; fileRef = C8E28E3D2B4F3B4C00BC41FF /* HomeTrendingViewModel.swift */; };
		C8E28E402B4F48D000BC41FF /* InnerShadowView.swift in Sources */ = {isa = PBXBuildFile; fileRef = C8E28E3F2B4F48D000BC41FF /* InnerShadowView.swift */; };
		C8E28E422B4F584400BC41FF /* UIImageView + Extensions.swift in Sources */ = {isa = PBXBuildFile; fileRef = C8E28E412B4F584400BC41FF /* UIImageView + Extensions.swift */; };
		C8F528C22B4E0284002E6FDC /* CategoriesCard.xib in Resources */ = {isa = PBXBuildFile; fileRef = C8F528C12B4E0284002E6FDC /* CategoriesCard.xib */; };
		C8F528C42B4E029A002E6FDC /* CategoriesCard.swift in Sources */ = {isa = PBXBuildFile; fileRef = C8F528C32B4E029A002E6FDC /* CategoriesCard.swift */; };
		C8F528C82B4E05DF002E6FDC /* CategoriesCardCell.swift in Sources */ = {isa = PBXBuildFile; fileRef = C8F528C62B4E05DF002E6FDC /* CategoriesCardCell.swift */; };
		C8F528C92B4E05DF002E6FDC /* CategoriesCardCell.xib in Resources */ = {isa = PBXBuildFile; fileRef = C8F528C72B4E05DF002E6FDC /* CategoriesCardCell.xib */; };
		C8F528DC2B4E8A42002E6FDC /* UIFonts + Extinsions.swift in Sources */ = {isa = PBXBuildFile; fileRef = C8F528DB2B4E8A42002E6FDC /* UIFonts + Extinsions.swift */; };
		C8F528DF2B4E9145002E6FDC /* tt_commons_pro_thin.otf in Resources */ = {isa = PBXBuildFile; fileRef = C8F528DE2B4E9145002E6FDC /* tt_commons_pro_thin.otf */; };
		C8F528E12B4E9151002E6FDC /* tt_commons_pro_regular.otf in Resources */ = {isa = PBXBuildFile; fileRef = C8F528E02B4E9151002E6FDC /* tt_commons_pro_regular.otf */; };
		C8F528E32B4E9159002E6FDC /* tt_commons_pro_medium.otf in Resources */ = {isa = PBXBuildFile; fileRef = C8F528E22B4E9159002E6FDC /* tt_commons_pro_medium.otf */; };
		C8F528E52B4E9162002E6FDC /* tt_commons_pro_light.otf in Resources */ = {isa = PBXBuildFile; fileRef = C8F528E42B4E9162002E6FDC /* tt_commons_pro_light.otf */; };
		C8F528E72B4E916A002E6FDC /* tt_commons_pro_extrabold.otf in Resources */ = {isa = PBXBuildFile; fileRef = C8F528E62B4E916A002E6FDC /* tt_commons_pro_extrabold.otf */; };
		C8F528E92B4E922D002E6FDC /* tt_commons_pro_bold.otf in Resources */ = {isa = PBXBuildFile; fileRef = C8F528E82B4E922D002E6FDC /* tt_commons_pro_bold.otf */; };
		C8F528EB2B4E9294002E6FDC /* tt_commons_pro_demibold.otf in Resources */ = {isa = PBXBuildFile; fileRef = C8F528EA2B4E9294002E6FDC /* tt_commons_pro_demibold.otf */; };
		C8F528ED2B4E9B9F002E6FDC /* UIButton + Extensions.swift in Sources */ = {isa = PBXBuildFile; fileRef = C8F528EC2B4E9B9F002E6FDC /* UIButton + Extensions.swift */; };
		C8F528F02B4EBD25002E6FDC /* PopularNowCard.xib in Resources */ = {isa = PBXBuildFile; fileRef = C8F528EF2B4EBD25002E6FDC /* PopularNowCard.xib */; };
		C8F528F22B4EBD33002E6FDC /* PopularNowCard.swift in Sources */ = {isa = PBXBuildFile; fileRef = C8F528F12B4EBD33002E6FDC /* PopularNowCard.swift */; };
		C8F528F62B4EBEAA002E6FDC /* PopularNowCell.swift in Sources */ = {isa = PBXBuildFile; fileRef = C8F528F42B4EBEAA002E6FDC /* PopularNowCell.swift */; };
		C8F528F72B4EBEAA002E6FDC /* PopularNowCell.xib in Resources */ = {isa = PBXBuildFile; fileRef = C8F528F52B4EBEAA002E6FDC /* PopularNowCell.xib */; };
/* End PBXBuildFile section */

/* Begin PBXContainerItemProxy section */
		C837A5052B4C230B009E873D /* PBXContainerItemProxy */ = {
			isa = PBXContainerItemProxy;
			containerPortal = C837A4E62B4C2309009E873D /* Project object */;
			proxyType = 1;
			remoteGlobalIDString = C837A4ED2B4C2309009E873D;
			remoteInfo = "MYCash-Task";
		};
		C837A50F2B4C230B009E873D /* PBXContainerItemProxy */ = {
			isa = PBXContainerItemProxy;
			containerPortal = C837A4E62B4C2309009E873D /* Project object */;
			proxyType = 1;
			remoteGlobalIDString = C837A4ED2B4C2309009E873D;
			remoteInfo = "MYCash-Task";
		};
/* End PBXContainerItemProxy section */

/* Begin PBXFileReference section */
		C802C5F32B4C86FE0069033B /* StyledButton.swift */ = {isa = PBXFileReference; lastKnownFileType = sourcecode.swift; path = StyledButton.swift; sourceTree = "<group>"; };
		C802C5F52B4C881F0069033B /* StyledTextField.swift */ = {isa = PBXFileReference; lastKnownFileType = sourcecode.swift; path = StyledTextField.swift; sourceTree = "<group>"; };
		C802C5F72B4C895A0069033B /* Colors.xcassets */ = {isa = PBXFileReference; lastKnownFileType = folder.assetcatalog; path = Colors.xcassets; sourceTree = "<group>"; };
		C802C5F92B4C8B2B0069033B /* StyledPasswordTextField.swift */ = {isa = PBXFileReference; lastKnownFileType = sourcecode.swift; path = StyledPasswordTextField.swift; sourceTree = "<group>"; };
		C802C5FB2B4C8BC80069033B /* UITextField+Extensions.swift */ = {isa = PBXFileReference; lastKnownFileType = sourcecode.swift; path = "UITextField+Extensions.swift"; sourceTree = "<group>"; };
		C802C5FD2B4C8CEA0069033B /* UserDefaultManager.swift */ = {isa = PBXFileReference; lastKnownFileType = sourcecode.swift; path = UserDefaultManager.swift; sourceTree = "<group>"; };
		C802C5FF2B4C8D6F0069033B /* Colors.swift */ = {isa = PBXFileReference; lastKnownFileType = sourcecode.swift; path = Colors.swift; sourceTree = "<group>"; };
		C802C6012B4C99620069033B /* UIView+Extensions.swift */ = {isa = PBXFileReference; lastKnownFileType = sourcecode.swift; path = "UIView+Extensions.swift"; sourceTree = "<group>"; };
		C802C6032B4CAAD50069033B /* PaddedLabel.swift */ = {isa = PBXFileReference; lastKnownFileType = sourcecode.swift; path = PaddedLabel.swift; sourceTree = "<group>"; };
		C802C6062B4CB0EB0069033B /* SignupVC.swift */ = {isa = PBXFileReference; lastKnownFileType = sourcecode.swift; path = SignupVC.swift; sourceTree = "<group>"; };
		C802C6072B4CB0EB0069033B /* SignupVC.xib */ = {isa = PBXFileReference; lastKnownFileType = file.xib; path = SignupVC.xib; sourceTree = "<group>"; };
		C802C60A2B4CB5FE0069033B /* SignupCoordinator.swift */ = {isa = PBXFileReference; lastKnownFileType = sourcecode.swift; path = SignupCoordinator.swift; sourceTree = "<group>"; };
		C802C6162B4D2B290069033B /* NetworkService.swift */ = {isa = PBXFileReference; lastKnownFileType = sourcecode.swift; path = NetworkService.swift; sourceTree = "<group>"; };
		C802C6182B4D2B5A0069033B /* Endpoint.swift */ = {isa = PBXFileReference; lastKnownFileType = sourcecode.swift; path = Endpoint.swift; sourceTree = "<group>"; };
		C802C61B2B4D2BBC0069033B /* Constants.swift */ = {isa = PBXFileReference; lastKnownFileType = sourcecode.swift; path = Constants.swift; sourceTree = "<group>"; };
		C802C6232B4D31110069033B /* LoginViewModel.swift */ = {isa = PBXFileReference; lastKnownFileType = sourcecode.swift; path = LoginViewModel.swift; sourceTree = "<group>"; };
		C802C6262B4D36010069033B /* LoginModel.swift */ = {isa = PBXFileReference; lastKnownFileType = sourcecode.swift; path = LoginModel.swift; sourceTree = "<group>"; };
		C802C62A2B4D477F0069033B /* HomeVC.swift */ = {isa = PBXFileReference; lastKnownFileType = sourcecode.swift; path = HomeVC.swift; sourceTree = "<group>"; };
		C802C62B2B4D477F0069033B /* HomeVC.xib */ = {isa = PBXFileReference; lastKnownFileType = file.xib; path = HomeVC.xib; sourceTree = "<group>"; };
		C802C6322B4D49D40069033B /* UserInformationCard.swift */ = {isa = PBXFileReference; lastKnownFileType = sourcecode.swift; path = UserInformationCard.swift; sourceTree = "<group>"; };
		C802C6362B4D5F260069033B /* BasicNetworkService.swift */ = {isa = PBXFileReference; lastKnownFileType = sourcecode.swift; path = BasicNetworkService.swift; sourceTree = "<group>"; };
		C802C6382B4D612C0069033B /* HomeCoordinator.swift */ = {isa = PBXFileReference; lastKnownFileType = sourcecode.swift; path = HomeCoordinator.swift; sourceTree = "<group>"; };
		C802C63C2B4D61AB0069033B /* HomeViewModel.swift */ = {isa = PBXFileReference; lastKnownFileType = sourcecode.swift; path = HomeViewModel.swift; sourceTree = "<group>"; };
		C802C63E2B4D68D80069033B /* UserInformationCard.xib */ = {isa = PBXFileReference; lastKnownFileType = file.xib; path = UserInformationCard.xib; sourceTree = "<group>"; };
		C816C59B2B4DB9790059E1A4 /* UIViewController + Extensions.swift */ = {isa = PBXFileReference; lastKnownFileType = sourcecode.swift; path = "UIViewController + Extensions.swift"; sourceTree = "<group>"; };
		C816C5A02B4DCFDF0059E1A4 /* SignupViewModel.swift */ = {isa = PBXFileReference; lastKnownFileType = sourcecode.swift; path = SignupViewModel.swift; sourceTree = "<group>"; };
		C816C5A42B4DF2550059E1A4 /* ToastManager.swift */ = {isa = PBXFileReference; lastKnownFileType = sourcecode.swift; path = ToastManager.swift; sourceTree = "<group>"; };
		C816C5A62B4DF26E0059E1A4 /* KeyboardStateManager.swift */ = {isa = PBXFileReference; lastKnownFileType = sourcecode.swift; path = KeyboardStateManager.swift; sourceTree = "<group>"; };
		C816C5A82B4DF2BC0059E1A4 /* ToastView.swift */ = {isa = PBXFileReference; lastKnownFileType = sourcecode.swift; path = ToastView.swift; sourceTree = "<group>"; };
		C816C5AA2B4DF2DB0059E1A4 /* ToastView.xib */ = {isa = PBXFileReference; lastKnownFileType = file.xib; path = ToastView.xib; sourceTree = "<group>"; };
		C837A4EE2B4C2309009E873D /* MYCash-Task.app */ = {isa = PBXFileReference; explicitFileType = wrapper.application; includeInIndex = 0; path = "MYCash-Task.app"; sourceTree = BUILT_PRODUCTS_DIR; };
		C837A4F12B4C2309009E873D /* AppDelegate.swift */ = {isa = PBXFileReference; lastKnownFileType = sourcecode.swift; path = AppDelegate.swift; sourceTree = "<group>"; };
		C837A4F32B4C2309009E873D /* SceneDelegate.swift */ = {isa = PBXFileReference; lastKnownFileType = sourcecode.swift; path = SceneDelegate.swift; sourceTree = "<group>"; };
		C837A4FA2B4C230B009E873D /* Assets.xcassets */ = {isa = PBXFileReference; lastKnownFileType = folder.assetcatalog; path = Assets.xcassets; sourceTree = "<group>"; };
		C837A4FD2B4C230B009E873D /* Base */ = {isa = PBXFileReference; lastKnownFileType = file.storyboard; name = Base; path = Base.lproj/LaunchScreen.storyboard; sourceTree = "<group>"; };
		C837A4FF2B4C230B009E873D /* Info.plist */ = {isa = PBXFileReference; lastKnownFileType = text.plist.xml; path = Info.plist; sourceTree = "<group>"; };
		C837A5042B4C230B009E873D /* MYCash-TaskTests.xctest */ = {isa = PBXFileReference; explicitFileType = wrapper.cfbundle; includeInIndex = 0; path = "MYCash-TaskTests.xctest"; sourceTree = BUILT_PRODUCTS_DIR; };
		C837A5082B4C230B009E873D /* MYCash_TaskTests.swift */ = {isa = PBXFileReference; lastKnownFileType = sourcecode.swift; path = MYCash_TaskTests.swift; sourceTree = "<group>"; };
		C837A50E2B4C230B009E873D /* MYCash-TaskUITests.xctest */ = {isa = PBXFileReference; explicitFileType = wrapper.cfbundle; includeInIndex = 0; path = "MYCash-TaskUITests.xctest"; sourceTree = BUILT_PRODUCTS_DIR; };
		C837A5122B4C230B009E873D /* MYCash_TaskUITests.swift */ = {isa = PBXFileReference; lastKnownFileType = sourcecode.swift; path = MYCash_TaskUITests.swift; sourceTree = "<group>"; };
		C837A5142B4C230B009E873D /* MYCash_TaskUITestsLaunchTests.swift */ = {isa = PBXFileReference; lastKnownFileType = sourcecode.swift; path = MYCash_TaskUITestsLaunchTests.swift; sourceTree = "<group>"; };
		C837A52A2B4C270D009E873D /* AppCoordinator.swift */ = {isa = PBXFileReference; lastKnownFileType = sourcecode.swift; path = AppCoordinator.swift; sourceTree = "<group>"; };
		C837A52C2B4C2BEA009E873D /* LoginCoordinator.swift */ = {isa = PBXFileReference; lastKnownFileType = sourcecode.swift; path = LoginCoordinator.swift; sourceTree = "<group>"; };
		C837A52F2B4C2CA9009E873D /* LoginVC.swift */ = {isa = PBXFileReference; lastKnownFileType = sourcecode.swift; path = LoginVC.swift; sourceTree = "<group>"; };
		C837A5302B4C2CA9009E873D /* LoginVC.xib */ = {isa = PBXFileReference; lastKnownFileType = file.xib; path = LoginVC.xib; sourceTree = "<group>"; };
		C837A5342B4C2CF4009E873D /* SplashScreenVC.swift */ = {isa = PBXFileReference; lastKnownFileType = sourcecode.swift; path = SplashScreenVC.swift; sourceTree = "<group>"; };
		C837A5352B4C2CF4009E873D /* SplashScreenVC.xib */ = {isa = PBXFileReference; lastKnownFileType = file.xib; path = SplashScreenVC.xib; sourceTree = "<group>"; };
		C837A5382B4C2E30009E873D /* SplashScreenCoordinator.swift */ = {isa = PBXFileReference; lastKnownFileType = sourcecode.swift; path = SplashScreenCoordinator.swift; sourceTree = "<group>"; };
		C87112192B4ED89200B407F9 /* TrendingNowCard.xib */ = {isa = PBXFileReference; lastKnownFileType = file.xib; path = TrendingNowCard.xib; sourceTree = "<group>"; };
		C871121B2B4ED8AA00B407F9 /* TrendingNowCard.swift */ = {isa = PBXFileReference; lastKnownFileType = sourcecode.swift; path = TrendingNowCard.swift; sourceTree = "<group>"; };
		C871121E2B4EDB5700B407F9 /* TrendingCollectionViewCell.swift */ = {isa = PBXFileReference; lastKnownFileType = sourcecode.swift; path = TrendingCollectionViewCell.swift; sourceTree = "<group>"; };
		C871121F2B4EDB5700B407F9 /* TrendingCollectionViewCell.xib */ = {isa = PBXFileReference; lastKnownFileType = file.xib; path = TrendingCollectionViewCell.xib; sourceTree = "<group>"; };
		C87112282B4F185600B407F9 /* HomeCategoryModel.swift */ = {isa = PBXFileReference; lastKnownFileType = sourcecode.swift; path = HomeCategoryModel.swift; sourceTree = "<group>"; };
		C871122A2B4F19D100B407F9 /* HomeCategoryViewModel.swift */ = {isa = PBXFileReference; lastKnownFileType = sourcecode.swift; path = HomeCategoryViewModel.swift; sourceTree = "<group>"; };
		C871122F2B4F29EF00B407F9 /* PopularModel.swift */ = {isa = PBXFileReference; lastKnownFileType = sourcecode.swift; path = PopularModel.swift; sourceTree = "<group>"; };
		C87112312B4F2C3500B407F9 /* PopularViewModel.swift */ = {isa = PBXFileReference; lastKnownFileType = sourcecode.swift; path = PopularViewModel.swift; sourceTree = "<group>"; };
		C8E28E3B2B4F3B3A00BC41FF /* TrendingModel.swift */ = {isa = PBXFileReference; lastKnownFileType = sourcecode.swift; path = TrendingModel.swift; sourceTree = "<group>"; };
		C8E28E3D2B4F3B4C00BC41FF /* HomeTrendingViewModel.swift */ = {isa = PBXFileReference; lastKnownFileType = sourcecode.swift; path = HomeTrendingViewModel.swift; sourceTree = "<group>"; };
		C8E28E3F2B4F48D000BC41FF /* InnerShadowView.swift */ = {isa = PBXFileReference; lastKnownFileType = sourcecode.swift; path = InnerShadowView.swift; sourceTree = "<group>"; };
		C8E28E412B4F584400BC41FF /* UIImageView + Extensions.swift */ = {isa = PBXFileReference; lastKnownFileType = sourcecode.swift; path = "UIImageView + Extensions.swift"; sourceTree = "<group>"; };
		C8F528C12B4E0284002E6FDC /* CategoriesCard.xib */ = {isa = PBXFileReference; lastKnownFileType = file.xib; path = CategoriesCard.xib; sourceTree = "<group>"; };
		C8F528C32B4E029A002E6FDC /* CategoriesCard.swift */ = {isa = PBXFileReference; lastKnownFileType = sourcecode.swift; path = CategoriesCard.swift; sourceTree = "<group>"; };
		C8F528C62B4E05DF002E6FDC /* CategoriesCardCell.swift */ = {isa = PBXFileReference; lastKnownFileType = sourcecode.swift; path = CategoriesCardCell.swift; sourceTree = "<group>"; };
		C8F528C72B4E05DF002E6FDC /* CategoriesCardCell.xib */ = {isa = PBXFileReference; lastKnownFileType = file.xib; path = CategoriesCardCell.xib; sourceTree = "<group>"; };
		C8F528DB2B4E8A42002E6FDC /* UIFonts + Extinsions.swift */ = {isa = PBXFileReference; lastKnownFileType = sourcecode.swift; path = "UIFonts + Extinsions.swift"; sourceTree = "<group>"; };
		C8F528DE2B4E9145002E6FDC /* tt_commons_pro_thin.otf */ = {isa = PBXFileReference; lastKnownFileType = file; path = tt_commons_pro_thin.otf; sourceTree = "<group>"; };
		C8F528E02B4E9151002E6FDC /* tt_commons_pro_regular.otf */ = {isa = PBXFileReference; lastKnownFileType = file; path = tt_commons_pro_regular.otf; sourceTree = "<group>"; };
		C8F528E22B4E9159002E6FDC /* tt_commons_pro_medium.otf */ = {isa = PBXFileReference; lastKnownFileType = file; path = tt_commons_pro_medium.otf; sourceTree = "<group>"; };
		C8F528E42B4E9162002E6FDC /* tt_commons_pro_light.otf */ = {isa = PBXFileReference; lastKnownFileType = file; path = tt_commons_pro_light.otf; sourceTree = "<group>"; };
		C8F528E62B4E916A002E6FDC /* tt_commons_pro_extrabold.otf */ = {isa = PBXFileReference; lastKnownFileType = file; path = tt_commons_pro_extrabold.otf; sourceTree = "<group>"; };
		C8F528E82B4E922D002E6FDC /* tt_commons_pro_bold.otf */ = {isa = PBXFileReference; lastKnownFileType = file; path = tt_commons_pro_bold.otf; sourceTree = "<group>"; };
		C8F528EA2B4E9294002E6FDC /* tt_commons_pro_demibold.otf */ = {isa = PBXFileReference; lastKnownFileType = file; path = tt_commons_pro_demibold.otf; sourceTree = "<group>"; };
		C8F528EC2B4E9B9F002E6FDC /* UIButton + Extensions.swift */ = {isa = PBXFileReference; lastKnownFileType = sourcecode.swift; path = "UIButton + Extensions.swift"; sourceTree = "<group>"; };
		C8F528EF2B4EBD25002E6FDC /* PopularNowCard.xib */ = {isa = PBXFileReference; lastKnownFileType = file.xib; path = PopularNowCard.xib; sourceTree = "<group>"; };
		C8F528F12B4EBD33002E6FDC /* PopularNowCard.swift */ = {isa = PBXFileReference; lastKnownFileType = sourcecode.swift; path = PopularNowCard.swift; sourceTree = "<group>"; };
		C8F528F42B4EBEAA002E6FDC /* PopularNowCell.swift */ = {isa = PBXFileReference; lastKnownFileType = sourcecode.swift; path = PopularNowCell.swift; sourceTree = "<group>"; };
		C8F528F52B4EBEAA002E6FDC /* PopularNowCell.xib */ = {isa = PBXFileReference; lastKnownFileType = file.xib; path = PopularNowCell.xib; sourceTree = "<group>"; };
/* End PBXFileReference section */

/* Begin PBXFrameworksBuildPhase section */
		C837A4EB2B4C2309009E873D /* Frameworks */ = {
			isa = PBXFrameworksBuildPhase;
			buildActionMask = 2147483647;
			files = (
				C87112242B4F181400B407F9 /* SDWebImage in Frameworks */,
				C802C61F2B4D30690069033B /* IQKeyboardManagerSwift in Frameworks */,
				C802C6132B4D2AFE0069033B /* RxRelay in Frameworks */,
				C802C6112B4D2AFE0069033B /* RxCocoa in Frameworks */,
				C802C6152B4D2AFE0069033B /* RxSwift in Frameworks */,
				C802C60E2B4D29B20069033B /* Alamofire in Frameworks */,
			);
			runOnlyForDeploymentPostprocessing = 0;
		};
		C837A5012B4C230B009E873D /* Frameworks */ = {
			isa = PBXFrameworksBuildPhase;
			buildActionMask = 2147483647;
			files = (
			);
			runOnlyForDeploymentPostprocessing = 0;
		};
		C837A50B2B4C230B009E873D /* Frameworks */ = {
			isa = PBXFrameworksBuildPhase;
			buildActionMask = 2147483647;
			files = (
			);
			runOnlyForDeploymentPostprocessing = 0;
		};
/* End PBXFrameworksBuildPhase section */

/* Begin PBXGroup section */
		C802C6052B4CB0CA0069033B /* SignupVC */ = {
			isa = PBXGroup;
			children = (
				C816C5A22B4DD0250059E1A4 /* Model */,
				C816C59E2B4DCFC00059E1A4 /* ModelView */,
				C816C59D2B4DCFB10059E1A4 /* View */,
			);
			path = SignupVC;
			sourceTree = "<group>";
		};
		C802C61A2B4D2B9F0069033B /* Helpers */ = {
			isa = PBXGroup;
			children = (
				C802C61B2B4D2BBC0069033B /* Constants.swift */,
				C802C6362B4D5F260069033B /* BasicNetworkService.swift */,
			);
			path = Helpers;
			sourceTree = "<group>";
		};
		C802C6202B4D30A10069033B /* Base */ = {
			isa = PBXGroup;
			children = (
				C802C6162B4D2B290069033B /* NetworkService.swift */,
				C802C6182B4D2B5A0069033B /* Endpoint.swift */,
			);
			path = Base;
			sourceTree = "<group>";
		};
		C802C6212B4D30DD0069033B /* View */ = {
			isa = PBXGroup;
			children = (
				C837A52F2B4C2CA9009E873D /* LoginVC.swift */,
				C837A5302B4C2CA9009E873D /* LoginVC.xib */,
			);
			path = View;
			sourceTree = "<group>";
		};
		C802C6222B4D30F80069033B /* ViewModel */ = {
			isa = PBXGroup;
			children = (
				C802C6232B4D31110069033B /* LoginViewModel.swift */,
			);
			path = ViewModel;
			sourceTree = "<group>";
		};
		C802C6252B4D35EE0069033B /* Model */ = {
			isa = PBXGroup;
			children = (
				C802C6262B4D36010069033B /* LoginModel.swift */,
			);
			path = Model;
			sourceTree = "<group>";
		};
		C802C6282B4D47340069033B /* Auth */ = {
			isa = PBXGroup;
			children = (
				C837A52E2B4C2C89009E873D /* LoginVC */,
				C802C6052B4CB0CA0069033B /* SignupVC */,
			);
			path = Auth;
			sourceTree = "<group>";
		};
		C802C6292B4D47500069033B /* Home */ = {
			isa = PBXGroup;
			children = (
				C802C63B2B4D61980069033B /* ViewModel */,
				C802C63A2B4D618D0069033B /* View */,
			);
			path = Home;
			sourceTree = "<group>";
		};
		C802C62E2B4D49470069033B /* HomeCards */ = {
			isa = PBXGroup;
			children = (
				C87112182B4ED86600B407F9 /* TrendingNowCard */,
				C8F528EE2B4EBD04002E6FDC /* PopularNowCard */,
				C8F528C02B4E025A002E6FDC /* CategoriesCard */,
				C802C62F2B4D49570069033B /* UserInfoCard */,
			);
			path = HomeCards;
			sourceTree = "<group>";
		};
		C802C62F2B4D49570069033B /* UserInfoCard */ = {
			isa = PBXGroup;
			children = (
				C802C6322B4D49D40069033B /* UserInformationCard.swift */,
				C802C63E2B4D68D80069033B /* UserInformationCard.xib */,
			);
			path = UserInfoCard;
			sourceTree = "<group>";
		};
		C802C63A2B4D618D0069033B /* View */ = {
			isa = PBXGroup;
			children = (
				C802C62A2B4D477F0069033B /* HomeVC.swift */,
				C802C62B2B4D477F0069033B /* HomeVC.xib */,
			);
			path = View;
			sourceTree = "<group>";
		};
		C802C63B2B4D61980069033B /* ViewModel */ = {
			isa = PBXGroup;
			children = (
				C802C63C2B4D61AB0069033B /* HomeViewModel.swift */,
			);
			path = ViewModel;
			sourceTree = "<group>";
		};
		C816C59D2B4DCFB10059E1A4 /* View */ = {
			isa = PBXGroup;
			children = (
				C802C6062B4CB0EB0069033B /* SignupVC.swift */,
				C802C6072B4CB0EB0069033B /* SignupVC.xib */,
			);
			path = View;
			sourceTree = "<group>";
		};
		C816C59E2B4DCFC00059E1A4 /* ModelView */ = {
			isa = PBXGroup;
			children = (
				C816C5A02B4DCFDF0059E1A4 /* SignupViewModel.swift */,
			);
			path = ModelView;
			sourceTree = "<group>";
		};
		C816C5A22B4DD0250059E1A4 /* Model */ = {
			isa = PBXGroup;
			children = (
			);
			path = Model;
			sourceTree = "<group>";
		};
		C816C5A32B4DF2210059E1A4 /* ToastMassage */ = {
			isa = PBXGroup;
			children = (
				C816C5A82B4DF2BC0059E1A4 /* ToastView.swift */,
				C816C5AA2B4DF2DB0059E1A4 /* ToastView.xib */,
			);
			path = ToastMassage;
			sourceTree = "<group>";
		};
		C837A4E52B4C2309009E873D = {
			isa = PBXGroup;
			children = (
				C837A4F02B4C2309009E873D /* MYCash-Task */,
				C837A5072B4C230B009E873D /* MYCash-TaskTests */,
				C837A5112B4C230B009E873D /* MYCash-TaskUITests */,
				C837A4EF2B4C2309009E873D /* Products */,
			);
			sourceTree = "<group>";
		};
		C837A4EF2B4C2309009E873D /* Products */ = {
			isa = PBXGroup;
			children = (
				C837A4EE2B4C2309009E873D /* MYCash-Task.app */,
				C837A5042B4C230B009E873D /* MYCash-TaskTests.xctest */,
				C837A50E2B4C230B009E873D /* MYCash-TaskUITests.xctest */,
			);
			name = Products;
			sourceTree = "<group>";
		};
		C837A4F02B4C2309009E873D /* MYCash-Task */ = {
			isa = PBXGroup;
			children = (
				C837A5212B4C23F2009E873D /* Core */,
				C837A5232B4C2623009E873D /* Managers */,
				C802C61A2B4D2B9F0069033B /* Helpers */,
				C837A5242B4C2635009E873D /* Networking */,
				C837A5292B4C26EA009E873D /* Coordinators */,
				C837A5262B4C2693009E873D /* Utilities */,
				C837A5222B4C260A009E873D /* Modules */,
				C837A5252B4C264A009E873D /* Resources */,
			);
			path = "MYCash-Task";
			sourceTree = "<group>";
		};
		C837A5072B4C230B009E873D /* MYCash-TaskTests */ = {
			isa = PBXGroup;
			children = (
				C837A5082B4C230B009E873D /* MYCash_TaskTests.swift */,
			);
			path = "MYCash-TaskTests";
			sourceTree = "<group>";
		};
		C837A5112B4C230B009E873D /* MYCash-TaskUITests */ = {
			isa = PBXGroup;
			children = (
				C837A5122B4C230B009E873D /* MYCash_TaskUITests.swift */,
				C837A5142B4C230B009E873D /* MYCash_TaskUITestsLaunchTests.swift */,
			);
			path = "MYCash-TaskUITests";
			sourceTree = "<group>";
		};
		C837A5212B4C23F2009E873D /* Core */ = {
			isa = PBXGroup;
			children = (
				C837A4F12B4C2309009E873D /* AppDelegate.swift */,
				C837A4F32B4C2309009E873D /* SceneDelegate.swift */,
			);
			path = Core;
			sourceTree = "<group>";
		};
		C837A5222B4C260A009E873D /* Modules */ = {
			isa = PBXGroup;
			children = (
				C837A5332B4C2CBA009E873D /* Splash */,
				C802C6282B4D47340069033B /* Auth */,
				C802C6292B4D47500069033B /* Home */,
			);
			path = Modules;
			sourceTree = "<group>";
		};
		C837A5232B4C2623009E873D /* Managers */ = {
			isa = PBXGroup;
			children = (
				C802C5FD2B4C8CEA0069033B /* UserDefaultManager.swift */,
				C816C5A42B4DF2550059E1A4 /* ToastManager.swift */,
				C816C5A62B4DF26E0059E1A4 /* KeyboardStateManager.swift */,
			);
			path = Managers;
			sourceTree = "<group>";
		};
		C837A5242B4C2635009E873D /* Networking */ = {
			isa = PBXGroup;
			children = (
				C802C6202B4D30A10069033B /* Base */,
			);
			path = Networking;
			sourceTree = "<group>";
		};
		C837A5252B4C264A009E873D /* Resources */ = {
			isa = PBXGroup;
			children = (
				C8F528CF2B4E8500002E6FDC /* Fonts */,
				C837A4FA2B4C230B009E873D /* Assets.xcassets */,
				C802C5F72B4C895A0069033B /* Colors.xcassets */,
				C837A4FF2B4C230B009E873D /* Info.plist */,
				C837A4FC2B4C230B009E873D /* LaunchScreen.storyboard */,
				C802C5FF2B4C8D6F0069033B /* Colors.swift */,
			);
			path = Resources;
			sourceTree = "<group>";
		};
		C837A5262B4C2693009E873D /* Utilities */ = {
			isa = PBXGroup;
			children = (
				C837A5282B4C26BB009E873D /* Extensions */,
				C837A5272B4C2699009E873D /* Reusable Components */,
			);
			path = Utilities;
			sourceTree = "<group>";
		};
		C837A5272B4C2699009E873D /* Reusable Components */ = {
			isa = PBXGroup;
			children = (
				C816C5A32B4DF2210059E1A4 /* ToastMassage */,
				C802C62E2B4D49470069033B /* HomeCards */,
				C802C5F32B4C86FE0069033B /* StyledButton.swift */,
				C802C5F52B4C881F0069033B /* StyledTextField.swift */,
				C802C5F92B4C8B2B0069033B /* StyledPasswordTextField.swift */,
				C8E28E3F2B4F48D000BC41FF /* InnerShadowView.swift */,
				C802C6032B4CAAD50069033B /* PaddedLabel.swift */,
			);
			path = "Reusable Components";
			sourceTree = "<group>";
		};
		C837A5282B4C26BB009E873D /* Extensions */ = {
			isa = PBXGroup;
			children = (
				C802C5FB2B4C8BC80069033B /* UITextField+Extensions.swift */,
				C802C6012B4C99620069033B /* UIView+Extensions.swift */,
				C816C59B2B4DB9790059E1A4 /* UIViewController + Extensions.swift */,
				C8F528DB2B4E8A42002E6FDC /* UIFonts + Extinsions.swift */,
				C8F528EC2B4E9B9F002E6FDC /* UIButton + Extensions.swift */,
				C8E28E412B4F584400BC41FF /* UIImageView + Extensions.swift */,
			);
			path = Extensions;
			sourceTree = "<group>";
		};
		C837A5292B4C26EA009E873D /* Coordinators */ = {
			isa = PBXGroup;
			children = (
				C837A52A2B4C270D009E873D /* AppCoordinator.swift */,
				C837A5382B4C2E30009E873D /* SplashScreenCoordinator.swift */,
				C837A52C2B4C2BEA009E873D /* LoginCoordinator.swift */,
				C802C60A2B4CB5FE0069033B /* SignupCoordinator.swift */,
				C802C6382B4D612C0069033B /* HomeCoordinator.swift */,
			);
			path = Coordinators;
			sourceTree = "<group>";
		};
		C837A52E2B4C2C89009E873D /* LoginVC */ = {
			isa = PBXGroup;
			children = (
				C802C6252B4D35EE0069033B /* Model */,
				C802C6212B4D30DD0069033B /* View */,
				C802C6222B4D30F80069033B /* ViewModel */,
			);
			path = LoginVC;
			sourceTree = "<group>";
		};
		C837A5332B4C2CBA009E873D /* Splash */ = {
			isa = PBXGroup;
			children = (
				C837A5342B4C2CF4009E873D /* SplashScreenVC.swift */,
				C837A5352B4C2CF4009E873D /* SplashScreenVC.xib */,
			);
			path = Splash;
			sourceTree = "<group>";
		};
		C87112182B4ED86600B407F9 /* TrendingNowCard */ = {
			isa = PBXGroup;
			children = (
				C8E28E3A2B4F3B1B00BC41FF /* Model */,
				C8E28E392B4F3B0B00BC41FF /* ViewModel */,
				C8E28E382B4F3AFF00BC41FF /* View */,
			);
			path = TrendingNowCard;
			sourceTree = "<group>";
		};
		C871121D2B4ED9F300B407F9 /* TrendingCollectionViewCell */ = {
			isa = PBXGroup;
			children = (
				C871121E2B4EDB5700B407F9 /* TrendingCollectionViewCell.swift */,
				C871121F2B4EDB5700B407F9 /* TrendingCollectionViewCell.xib */,
			);
			path = TrendingCollectionViewCell;
			sourceTree = "<group>";
		};
		C87112252B4F182600B407F9 /* ViewModel */ = {
			isa = PBXGroup;
			children = (
				C871122A2B4F19D100B407F9 /* HomeCategoryViewModel.swift */,
			);
			path = ViewModel;
			sourceTree = "<group>";
		};
		C87112262B4F183200B407F9 /* View */ = {
			isa = PBXGroup;
			children = (
				C8F528C52B4E0598002E6FDC /* CategoriesCardCollectionViewCell */,
				C8F528C12B4E0284002E6FDC /* CategoriesCard.xib */,
				C8F528C32B4E029A002E6FDC /* CategoriesCard.swift */,
			);
			path = View;
			sourceTree = "<group>";
		};
		C87112272B4F184200B407F9 /* Model */ = {
			isa = PBXGroup;
			children = (
				C87112282B4F185600B407F9 /* HomeCategoryModel.swift */,
			);
			path = Model;
			sourceTree = "<group>";
		};
		C871122C2B4F299800B407F9 /* View */ = {
			isa = PBXGroup;
			children = (
				C8F528F32B4EBE74002E6FDC /* PopularNowViewCell */,
				C8F528EF2B4EBD25002E6FDC /* PopularNowCard.xib */,
				C8F528F12B4EBD33002E6FDC /* PopularNowCard.swift */,
			);
			path = View;
			sourceTree = "<group>";
		};
		C871122D2B4F29CD00B407F9 /* ViewModel */ = {
			isa = PBXGroup;
			children = (
				C87112312B4F2C3500B407F9 /* PopularViewModel.swift */,
			);
			path = ViewModel;
			sourceTree = "<group>";
		};
		C871122E2B4F29D500B407F9 /* Model */ = {
			isa = PBXGroup;
			children = (
				C871122F2B4F29EF00B407F9 /* PopularModel.swift */,
			);
			path = Model;
			sourceTree = "<group>";
		};
		C8E28E382B4F3AFF00BC41FF /* View */ = {
			isa = PBXGroup;
			children = (
				C871121D2B4ED9F300B407F9 /* TrendingCollectionViewCell */,
				C87112192B4ED89200B407F9 /* TrendingNowCard.xib */,
				C871121B2B4ED8AA00B407F9 /* TrendingNowCard.swift */,
			);
			path = View;
			sourceTree = "<group>";
		};
		C8E28E392B4F3B0B00BC41FF /* ViewModel */ = {
			isa = PBXGroup;
			children = (
				C8E28E3D2B4F3B4C00BC41FF /* HomeTrendingViewModel.swift */,
			);
			path = ViewModel;
			sourceTree = "<group>";
		};
		C8E28E3A2B4F3B1B00BC41FF /* Model */ = {
			isa = PBXGroup;
			children = (
				C8E28E3B2B4F3B3A00BC41FF /* TrendingModel.swift */,
			);
			path = Model;
			sourceTree = "<group>";
		};
		C8F528C02B4E025A002E6FDC /* CategoriesCard */ = {
			isa = PBXGroup;
			children = (
				C87112272B4F184200B407F9 /* Model */,
				C87112252B4F182600B407F9 /* ViewModel */,
				C87112262B4F183200B407F9 /* View */,
			);
			path = CategoriesCard;
			sourceTree = "<group>";
		};
		C8F528C52B4E0598002E6FDC /* CategoriesCardCollectionViewCell */ = {
			isa = PBXGroup;
			children = (
				C8F528C62B4E05DF002E6FDC /* CategoriesCardCell.swift */,
				C8F528C72B4E05DF002E6FDC /* CategoriesCardCell.xib */,
			);
			path = CategoriesCardCollectionViewCell;
			sourceTree = "<group>";
		};
		C8F528CF2B4E8500002E6FDC /* Fonts */ = {
			isa = PBXGroup;
			children = (
				C8F528EA2B4E9294002E6FDC /* tt_commons_pro_demibold.otf */,
				C8F528E22B4E9159002E6FDC /* tt_commons_pro_medium.otf */,
				C8F528E62B4E916A002E6FDC /* tt_commons_pro_extrabold.otf */,
				C8F528E42B4E9162002E6FDC /* tt_commons_pro_light.otf */,
				C8F528E02B4E9151002E6FDC /* tt_commons_pro_regular.otf */,
				C8F528E82B4E922D002E6FDC /* tt_commons_pro_bold.otf */,
				C8F528DE2B4E9145002E6FDC /* tt_commons_pro_thin.otf */,
			);
			path = Fonts;
			sourceTree = "<group>";
		};
		C8F528EE2B4EBD04002E6FDC /* PopularNowCard */ = {
			isa = PBXGroup;
			children = (
				C871122E2B4F29D500B407F9 /* Model */,
				C871122D2B4F29CD00B407F9 /* ViewModel */,
				C871122C2B4F299800B407F9 /* View */,
			);
			path = PopularNowCard;
			sourceTree = "<group>";
		};
		C8F528F32B4EBE74002E6FDC /* PopularNowViewCell */ = {
			isa = PBXGroup;
			children = (
				C8F528F42B4EBEAA002E6FDC /* PopularNowCell.swift */,
				C8F528F52B4EBEAA002E6FDC /* PopularNowCell.xib */,
			);
			path = PopularNowViewCell;
			sourceTree = "<group>";
		};
/* End PBXGroup section */

/* Begin PBXNativeTarget section */
		C837A4ED2B4C2309009E873D /* MYCash-Task */ = {
			isa = PBXNativeTarget;
			buildConfigurationList = C837A5182B4C230B009E873D /* Build configuration list for PBXNativeTarget "MYCash-Task" */;
			buildPhases = (
				C837A4EA2B4C2309009E873D /* Sources */,
				C837A4EB2B4C2309009E873D /* Frameworks */,
				C837A4EC2B4C2309009E873D /* Resources */,
			);
			buildRules = (
			);
			dependencies = (
			);
			name = "MYCash-Task";
			packageProductDependencies = (
				C802C60D2B4D29B20069033B /* Alamofire */,
				C802C6102B4D2AFE0069033B /* RxCocoa */,
				C802C6122B4D2AFE0069033B /* RxRelay */,
				C802C6142B4D2AFE0069033B /* RxSwift */,
				C802C61E2B4D30690069033B /* IQKeyboardManagerSwift */,
				C87112232B4F181400B407F9 /* SDWebImage */,
			);
			productName = "MYCash-Task";
			productReference = C837A4EE2B4C2309009E873D /* MYCash-Task.app */;
			productType = "com.apple.product-type.application";
		};
		C837A5032B4C230B009E873D /* MYCash-TaskTests */ = {
			isa = PBXNativeTarget;
			buildConfigurationList = C837A51B2B4C230B009E873D /* Build configuration list for PBXNativeTarget "MYCash-TaskTests" */;
			buildPhases = (
				C837A5002B4C230B009E873D /* Sources */,
				C837A5012B4C230B009E873D /* Frameworks */,
				C837A5022B4C230B009E873D /* Resources */,
			);
			buildRules = (
			);
			dependencies = (
				C837A5062B4C230B009E873D /* PBXTargetDependency */,
			);
			name = "MYCash-TaskTests";
			productName = "MYCash-TaskTests";
			productReference = C837A5042B4C230B009E873D /* MYCash-TaskTests.xctest */;
			productType = "com.apple.product-type.bundle.unit-test";
		};
		C837A50D2B4C230B009E873D /* MYCash-TaskUITests */ = {
			isa = PBXNativeTarget;
			buildConfigurationList = C837A51E2B4C230B009E873D /* Build configuration list for PBXNativeTarget "MYCash-TaskUITests" */;
			buildPhases = (
				C837A50A2B4C230B009E873D /* Sources */,
				C837A50B2B4C230B009E873D /* Frameworks */,
				C837A50C2B4C230B009E873D /* Resources */,
			);
			buildRules = (
			);
			dependencies = (
				C837A5102B4C230B009E873D /* PBXTargetDependency */,
			);
			name = "MYCash-TaskUITests";
			productName = "MYCash-TaskUITests";
			productReference = C837A50E2B4C230B009E873D /* MYCash-TaskUITests.xctest */;
			productType = "com.apple.product-type.bundle.ui-testing";
		};
/* End PBXNativeTarget section */

/* Begin PBXProject section */
		C837A4E62B4C2309009E873D /* Project object */ = {
			isa = PBXProject;
			attributes = {
				BuildIndependentTargetsInParallel = 1;
				LastSwiftUpdateCheck = 1510;
				LastUpgradeCheck = 1510;
				TargetAttributes = {
					C837A4ED2B4C2309009E873D = {
						CreatedOnToolsVersion = 15.1;
					};
					C837A5032B4C230B009E873D = {
						CreatedOnToolsVersion = 15.1;
						TestTargetID = C837A4ED2B4C2309009E873D;
					};
					C837A50D2B4C230B009E873D = {
						CreatedOnToolsVersion = 15.1;
						TestTargetID = C837A4ED2B4C2309009E873D;
					};
				};
			};
			buildConfigurationList = C837A4E92B4C2309009E873D /* Build configuration list for PBXProject "MYCash-Task" */;
			compatibilityVersion = "Xcode 14.0";
			developmentRegion = en;
			hasScannedForEncodings = 0;
			knownRegions = (
				en,
				Base,
			);
			mainGroup = C837A4E52B4C2309009E873D;
			packageReferences = (
				C802C60C2B4D29B20069033B /* XCRemoteSwiftPackageReference "Alamofire" */,
				C802C60F2B4D2AFE0069033B /* XCRemoteSwiftPackageReference "RxSwift" */,
				C802C61D2B4D30690069033B /* XCRemoteSwiftPackageReference "IQKeyboardManager" */,
				C87112222B4F181400B407F9 /* XCRemoteSwiftPackageReference "SDWebImage" */,
			);
			productRefGroup = C837A4EF2B4C2309009E873D /* Products */;
			projectDirPath = "";
			projectRoot = "";
			targets = (
				C837A4ED2B4C2309009E873D /* MYCash-Task */,
				C837A5032B4C230B009E873D /* MYCash-TaskTests */,
				C837A50D2B4C230B009E873D /* MYCash-TaskUITests */,
			);
		};
/* End PBXProject section */

/* Begin PBXResourcesBuildPhase section */
		C837A4EC2B4C2309009E873D /* Resources */ = {
			isa = PBXResourcesBuildPhase;
			buildActionMask = 2147483647;
			files = (
				C8F528DF2B4E9145002E6FDC /* tt_commons_pro_thin.otf in Resources */,
				C802C5F82B4C895A0069033B /* Colors.xcassets in Resources */,
				C871121A2B4ED89200B407F9 /* TrendingNowCard.xib in Resources */,
				C87112212B4EDB5700B407F9 /* TrendingCollectionViewCell.xib in Resources */,
				C8F528F72B4EBEAA002E6FDC /* PopularNowCell.xib in Resources */,
				C837A5322B4C2CA9009E873D /* LoginVC.xib in Resources */,
				C8F528E12B4E9151002E6FDC /* tt_commons_pro_regular.otf in Resources */,
				C837A4FE2B4C230B009E873D /* LaunchScreen.storyboard in Resources */,
				C802C63F2B4D68D80069033B /* UserInformationCard.xib in Resources */,
				C8F528E32B4E9159002E6FDC /* tt_commons_pro_medium.otf in Resources */,
				C8F528EB2B4E9294002E6FDC /* tt_commons_pro_demibold.otf in Resources */,
				C837A4FB2B4C230B009E873D /* Assets.xcassets in Resources */,
				C8F528E52B4E9162002E6FDC /* tt_commons_pro_light.otf in Resources */,
				C8F528C22B4E0284002E6FDC /* CategoriesCard.xib in Resources */,
				C802C6092B4CB0EB0069033B /* SignupVC.xib in Resources */,
				C8F528C92B4E05DF002E6FDC /* CategoriesCardCell.xib in Resources */,
				C8F528E72B4E916A002E6FDC /* tt_commons_pro_extrabold.otf in Resources */,
				C8F528F02B4EBD25002E6FDC /* PopularNowCard.xib in Resources */,
				C816C5AB2B4DF2DB0059E1A4 /* ToastView.xib in Resources */,
				C8F528E92B4E922D002E6FDC /* tt_commons_pro_bold.otf in Resources */,
				C837A5372B4C2CF4009E873D /* SplashScreenVC.xib in Resources */,
				C802C62D2B4D477F0069033B /* HomeVC.xib in Resources */,
			);
			runOnlyForDeploymentPostprocessing = 0;
		};
		C837A5022B4C230B009E873D /* Resources */ = {
			isa = PBXResourcesBuildPhase;
			buildActionMask = 2147483647;
			files = (
			);
			runOnlyForDeploymentPostprocessing = 0;
		};
		C837A50C2B4C230B009E873D /* Resources */ = {
			isa = PBXResourcesBuildPhase;
			buildActionMask = 2147483647;
			files = (
			);
			runOnlyForDeploymentPostprocessing = 0;
		};
/* End PBXResourcesBuildPhase section */

/* Begin PBXSourcesBuildPhase section */
		C837A4EA2B4C2309009E873D /* Sources */ = {
			isa = PBXSourcesBuildPhase;
			buildActionMask = 2147483647;
			files = (
				C87112302B4F29EF00B407F9 /* PopularModel.swift in Sources */,
				C8E28E402B4F48D000BC41FF /* InnerShadowView.swift in Sources */,
				C802C6192B4D2B5A0069033B /* Endpoint.swift in Sources */,
				C802C6022B4C99620069033B /* UIView+Extensions.swift in Sources */,
				C802C5FC2B4C8BC80069033B /* UITextField+Extensions.swift in Sources */,
				C871122B2B4F19D100B407F9 /* HomeCategoryViewModel.swift in Sources */,
				C802C6272B4D36010069033B /* LoginModel.swift in Sources */,
				C8F528F62B4EBEAA002E6FDC /* PopularNowCell.swift in Sources */,
				C8E28E3C2B4F3B3A00BC41FF /* TrendingModel.swift in Sources */,
				C837A52B2B4C270D009E873D /* AppCoordinator.swift in Sources */,
				C802C5F62B4C881F0069033B /* StyledTextField.swift in Sources */,
				C816C5A12B4DCFDF0059E1A4 /* SignupViewModel.swift in Sources */,
				C8F528ED2B4E9B9F002E6FDC /* UIButton + Extensions.swift in Sources */,
				C8E28E3E2B4F3B4C00BC41FF /* HomeTrendingViewModel.swift in Sources */,
				C816C5A52B4DF2550059E1A4 /* ToastManager.swift in Sources */,
				C802C6172B4D2B290069033B /* NetworkService.swift in Sources */,
				C802C6372B4D5F260069033B /* BasicNetworkService.swift in Sources */,
				C802C5F42B4C86FE0069033B /* StyledButton.swift in Sources */,
				C802C5FA2B4C8B2B0069033B /* StyledPasswordTextField.swift in Sources */,
				C816C59C2B4DB9790059E1A4 /* UIViewController + Extensions.swift in Sources */,
				C802C63D2B4D61AB0069033B /* HomeViewModel.swift in Sources */,
				C802C60B2B4CB5FE0069033B /* SignupCoordinator.swift in Sources */,
				C837A4F22B4C2309009E873D /* AppDelegate.swift in Sources */,
				C8F528DC2B4E8A42002E6FDC /* UIFonts + Extinsions.swift in Sources */,
				C802C6042B4CAAD50069033B /* PaddedLabel.swift in Sources */,
				C802C6082B4CB0EB0069033B /* SignupVC.swift in Sources */,
				C802C62C2B4D477F0069033B /* HomeVC.swift in Sources */,
				C837A52D2B4C2BEA009E873D /* LoginCoordinator.swift in Sources */,
				C837A5392B4C2E30009E873D /* SplashScreenCoordinator.swift in Sources */,
				C802C6002B4C8D6F0069033B /* Colors.swift in Sources */,
				C802C61C2B4D2BBC0069033B /* Constants.swift in Sources */,
				C87112292B4F185600B407F9 /* HomeCategoryModel.swift in Sources */,
				C8E28E422B4F584400BC41FF /* UIImageView + Extensions.swift in Sources */,
				C87112202B4EDB5700B407F9 /* TrendingCollectionViewCell.swift in Sources */,
				C8F528C42B4E029A002E6FDC /* CategoriesCard.swift in Sources */,
				C816C5A92B4DF2BC0059E1A4 /* ToastView.swift in Sources */,
				C802C6342B4D49D40069033B /* UserInformationCard.swift in Sources */,
				C837A5362B4C2CF4009E873D /* SplashScreenVC.swift in Sources */,
				C8F528F22B4EBD33002E6FDC /* PopularNowCard.swift in Sources */,
				C802C6392B4D612C0069033B /* HomeCoordinator.swift in Sources */,
				C87112322B4F2C3500B407F9 /* PopularViewModel.swift in Sources */,
				C837A4F42B4C2309009E873D /* SceneDelegate.swift in Sources */,
				C8F528C82B4E05DF002E6FDC /* CategoriesCardCell.swift in Sources */,
				C802C5FE2B4C8CEA0069033B /* UserDefaultManager.swift in Sources */,
				C871121C2B4ED8AA00B407F9 /* TrendingNowCard.swift in Sources */,
				C837A5312B4C2CA9009E873D /* LoginVC.swift in Sources */,
				C816C5A72B4DF26E0059E1A4 /* KeyboardStateManager.swift in Sources */,
				C802C6242B4D31110069033B /* LoginViewModel.swift in Sources */,
			);
			runOnlyForDeploymentPostprocessing = 0;
		};
		C837A5002B4C230B009E873D /* Sources */ = {
			isa = PBXSourcesBuildPhase;
			buildActionMask = 2147483647;
			files = (
				C837A5092B4C230B009E873D /* MYCash_TaskTests.swift in Sources */,
			);
			runOnlyForDeploymentPostprocessing = 0;
		};
		C837A50A2B4C230B009E873D /* Sources */ = {
			isa = PBXSourcesBuildPhase;
			buildActionMask = 2147483647;
			files = (
				C837A5152B4C230B009E873D /* MYCash_TaskUITestsLaunchTests.swift in Sources */,
				C837A5132B4C230B009E873D /* MYCash_TaskUITests.swift in Sources */,
			);
			runOnlyForDeploymentPostprocessing = 0;
		};
/* End PBXSourcesBuildPhase section */

/* Begin PBXTargetDependency section */
		C837A5062B4C230B009E873D /* PBXTargetDependency */ = {
			isa = PBXTargetDependency;
			target = C837A4ED2B4C2309009E873D /* MYCash-Task */;
			targetProxy = C837A5052B4C230B009E873D /* PBXContainerItemProxy */;
		};
		C837A5102B4C230B009E873D /* PBXTargetDependency */ = {
			isa = PBXTargetDependency;
			target = C837A4ED2B4C2309009E873D /* MYCash-Task */;
			targetProxy = C837A50F2B4C230B009E873D /* PBXContainerItemProxy */;
		};
/* End PBXTargetDependency section */

/* Begin PBXVariantGroup section */
		C837A4FC2B4C230B009E873D /* LaunchScreen.storyboard */ = {
			isa = PBXVariantGroup;
			children = (
				C837A4FD2B4C230B009E873D /* Base */,
			);
			name = LaunchScreen.storyboard;
			sourceTree = "<group>";
		};
/* End PBXVariantGroup section */

/* Begin XCBuildConfiguration section */
		C837A5162B4C230B009E873D /* Debug */ = {
			isa = XCBuildConfiguration;
			buildSettings = {
				ALWAYS_SEARCH_USER_PATHS = NO;
				ASSETCATALOG_COMPILER_GENERATE_SWIFT_ASSET_SYMBOL_EXTENSIONS = YES;
				CLANG_ANALYZER_NONNULL = YES;
				CLANG_ANALYZER_NUMBER_OBJECT_CONVERSION = YES_AGGRESSIVE;
				CLANG_CXX_LANGUAGE_STANDARD = "gnu++20";
				CLANG_ENABLE_MODULES = YES;
				CLANG_ENABLE_OBJC_ARC = YES;
				CLANG_ENABLE_OBJC_WEAK = YES;
				CLANG_WARN_BLOCK_CAPTURE_AUTORELEASING = YES;
				CLANG_WARN_BOOL_CONVERSION = YES;
				CLANG_WARN_COMMA = YES;
				CLANG_WARN_CONSTANT_CONVERSION = YES;
				CLANG_WARN_DEPRECATED_OBJC_IMPLEMENTATIONS = YES;
				CLANG_WARN_DIRECT_OBJC_ISA_USAGE = YES_ERROR;
				CLANG_WARN_DOCUMENTATION_COMMENTS = YES;
				CLANG_WARN_EMPTY_BODY = YES;
				CLANG_WARN_ENUM_CONVERSION = YES;
				CLANG_WARN_INFINITE_RECURSION = YES;
				CLANG_WARN_INT_CONVERSION = YES;
				CLANG_WARN_NON_LITERAL_NULL_CONVERSION = YES;
				CLANG_WARN_OBJC_IMPLICIT_RETAIN_SELF = YES;
				CLANG_WARN_OBJC_LITERAL_CONVERSION = YES;
				CLANG_WARN_OBJC_ROOT_CLASS = YES_ERROR;
				CLANG_WARN_QUOTED_INCLUDE_IN_FRAMEWORK_HEADER = YES;
				CLANG_WARN_RANGE_LOOP_ANALYSIS = YES;
				CLANG_WARN_STRICT_PROTOTYPES = YES;
				CLANG_WARN_SUSPICIOUS_MOVE = YES;
				CLANG_WARN_UNGUARDED_AVAILABILITY = YES_AGGRESSIVE;
				CLANG_WARN_UNREACHABLE_CODE = YES;
				CLANG_WARN__DUPLICATE_METHOD_MATCH = YES;
				COPY_PHASE_STRIP = NO;
				DEBUG_INFORMATION_FORMAT = dwarf;
				ENABLE_STRICT_OBJC_MSGSEND = YES;
				ENABLE_TESTABILITY = YES;
				ENABLE_USER_SCRIPT_SANDBOXING = YES;
				GCC_C_LANGUAGE_STANDARD = gnu17;
				GCC_DYNAMIC_NO_PIC = NO;
				GCC_NO_COMMON_BLOCKS = YES;
				GCC_OPTIMIZATION_LEVEL = 0;
				GCC_PREPROCESSOR_DEFINITIONS = (
					"DEBUG=1",
					"$(inherited)",
				);
				GCC_WARN_64_TO_32_BIT_CONVERSION = YES;
				GCC_WARN_ABOUT_RETURN_TYPE = YES_ERROR;
				GCC_WARN_UNDECLARED_SELECTOR = YES;
				GCC_WARN_UNINITIALIZED_AUTOS = YES_AGGRESSIVE;
				GCC_WARN_UNUSED_FUNCTION = YES;
				GCC_WARN_UNUSED_VARIABLE = YES;
				IPHONEOS_DEPLOYMENT_TARGET = 17.2;
				LOCALIZATION_PREFERS_STRING_CATALOGS = YES;
				MTL_ENABLE_DEBUG_INFO = INCLUDE_SOURCE;
				MTL_FAST_MATH = YES;
				ONLY_ACTIVE_ARCH = YES;
				SDKROOT = iphoneos;
				SWIFT_ACTIVE_COMPILATION_CONDITIONS = "DEBUG $(inherited)";
				SWIFT_OPTIMIZATION_LEVEL = "-Onone";
			};
			name = Debug;
		};
		C837A5172B4C230B009E873D /* Release */ = {
			isa = XCBuildConfiguration;
			buildSettings = {
				ALWAYS_SEARCH_USER_PATHS = NO;
				ASSETCATALOG_COMPILER_GENERATE_SWIFT_ASSET_SYMBOL_EXTENSIONS = YES;
				CLANG_ANALYZER_NONNULL = YES;
				CLANG_ANALYZER_NUMBER_OBJECT_CONVERSION = YES_AGGRESSIVE;
				CLANG_CXX_LANGUAGE_STANDARD = "gnu++20";
				CLANG_ENABLE_MODULES = YES;
				CLANG_ENABLE_OBJC_ARC = YES;
				CLANG_ENABLE_OBJC_WEAK = YES;
				CLANG_WARN_BLOCK_CAPTURE_AUTORELEASING = YES;
				CLANG_WARN_BOOL_CONVERSION = YES;
				CLANG_WARN_COMMA = YES;
				CLANG_WARN_CONSTANT_CONVERSION = YES;
				CLANG_WARN_DEPRECATED_OBJC_IMPLEMENTATIONS = YES;
				CLANG_WARN_DIRECT_OBJC_ISA_USAGE = YES_ERROR;
				CLANG_WARN_DOCUMENTATION_COMMENTS = YES;
				CLANG_WARN_EMPTY_BODY = YES;
				CLANG_WARN_ENUM_CONVERSION = YES;
				CLANG_WARN_INFINITE_RECURSION = YES;
				CLANG_WARN_INT_CONVERSION = YES;
				CLANG_WARN_NON_LITERAL_NULL_CONVERSION = YES;
				CLANG_WARN_OBJC_IMPLICIT_RETAIN_SELF = YES;
				CLANG_WARN_OBJC_LITERAL_CONVERSION = YES;
				CLANG_WARN_OBJC_ROOT_CLASS = YES_ERROR;
				CLANG_WARN_QUOTED_INCLUDE_IN_FRAMEWORK_HEADER = YES;
				CLANG_WARN_RANGE_LOOP_ANALYSIS = YES;
				CLANG_WARN_STRICT_PROTOTYPES = YES;
				CLANG_WARN_SUSPICIOUS_MOVE = YES;
				CLANG_WARN_UNGUARDED_AVAILABILITY = YES_AGGRESSIVE;
				CLANG_WARN_UNREACHABLE_CODE = YES;
				CLANG_WARN__DUPLICATE_METHOD_MATCH = YES;
				COPY_PHASE_STRIP = NO;
				DEBUG_INFORMATION_FORMAT = "dwarf-with-dsym";
				ENABLE_NS_ASSERTIONS = NO;
				ENABLE_STRICT_OBJC_MSGSEND = YES;
				ENABLE_USER_SCRIPT_SANDBOXING = YES;
				GCC_C_LANGUAGE_STANDARD = gnu17;
				GCC_NO_COMMON_BLOCKS = YES;
				GCC_WARN_64_TO_32_BIT_CONVERSION = YES;
				GCC_WARN_ABOUT_RETURN_TYPE = YES_ERROR;
				GCC_WARN_UNDECLARED_SELECTOR = YES;
				GCC_WARN_UNINITIALIZED_AUTOS = YES_AGGRESSIVE;
				GCC_WARN_UNUSED_FUNCTION = YES;
				GCC_WARN_UNUSED_VARIABLE = YES;
				IPHONEOS_DEPLOYMENT_TARGET = 17.2;
				LOCALIZATION_PREFERS_STRING_CATALOGS = YES;
				MTL_ENABLE_DEBUG_INFO = NO;
				MTL_FAST_MATH = YES;
				SDKROOT = iphoneos;
				SWIFT_COMPILATION_MODE = wholemodule;
				VALIDATE_PRODUCT = YES;
			};
			name = Release;
		};
		C837A5192B4C230B009E873D /* Debug */ = {
			isa = XCBuildConfiguration;
			buildSettings = {
				ASSETCATALOG_COMPILER_APPICON_NAME = AppIcon;
				ASSETCATALOG_COMPILER_GLOBAL_ACCENT_COLOR_NAME = AccentColor;
				CODE_SIGN_STYLE = Automatic;
				CURRENT_PROJECT_VERSION = 1;
				DEVELOPMENT_TEAM = ZCB87QTSJD;
				GENERATE_INFOPLIST_FILE = YES;
				INFOPLIST_FILE = "MYCash-Task/Resources/Info.plist";
				INFOPLIST_KEY_UIApplicationSupportsIndirectInputEvents = YES;
				INFOPLIST_KEY_UILaunchStoryboardName = LaunchScreen;
				INFOPLIST_KEY_UISupportedInterfaceOrientations_iPad = "UIInterfaceOrientationPortrait UIInterfaceOrientationPortraitUpsideDown UIInterfaceOrientationLandscapeLeft UIInterfaceOrientationLandscapeRight";
				INFOPLIST_KEY_UISupportedInterfaceOrientations_iPhone = "UIInterfaceOrientationPortrait UIInterfaceOrientationLandscapeLeft UIInterfaceOrientationLandscapeRight";
				IPHONEOS_DEPLOYMENT_TARGET = 14.0;
				LD_RUNPATH_SEARCH_PATHS = (
					"$(inherited)",
					"@executable_path/Frameworks",
				);
				MARKETING_VERSION = 1.0;
				PRODUCT_BUNDLE_IDENTIFIER = "com.MYCash-Task.MYCash-Task";
				PRODUCT_NAME = "$(TARGET_NAME)";
				SWIFT_EMIT_LOC_STRINGS = YES;
				SWIFT_VERSION = 5.0;
				TARGETED_DEVICE_FAMILY = "1,2";
			};
			name = Debug;
		};
		C837A51A2B4C230B009E873D /* Release */ = {
			isa = XCBuildConfiguration;
			buildSettings = {
				ASSETCATALOG_COMPILER_APPICON_NAME = AppIcon;
				ASSETCATALOG_COMPILER_GLOBAL_ACCENT_COLOR_NAME = AccentColor;
				CODE_SIGN_STYLE = Automatic;
				CURRENT_PROJECT_VERSION = 1;
				DEVELOPMENT_TEAM = ZCB87QTSJD;
				GENERATE_INFOPLIST_FILE = YES;
				INFOPLIST_FILE = "MYCash-Task/Resources/Info.plist";
				INFOPLIST_KEY_UIApplicationSupportsIndirectInputEvents = YES;
				INFOPLIST_KEY_UILaunchStoryboardName = LaunchScreen;
				INFOPLIST_KEY_UISupportedInterfaceOrientations_iPad = "UIInterfaceOrientationPortrait UIInterfaceOrientationPortraitUpsideDown UIInterfaceOrientationLandscapeLeft UIInterfaceOrientationLandscapeRight";
				INFOPLIST_KEY_UISupportedInterfaceOrientations_iPhone = "UIInterfaceOrientationPortrait UIInterfaceOrientationLandscapeLeft UIInterfaceOrientationLandscapeRight";
				IPHONEOS_DEPLOYMENT_TARGET = 14.0;
				LD_RUNPATH_SEARCH_PATHS = (
					"$(inherited)",
					"@executable_path/Frameworks",
				);
				MARKETING_VERSION = 1.0;
				PRODUCT_BUNDLE_IDENTIFIER = "com.MYCash-Task.MYCash-Task";
				PRODUCT_NAME = "$(TARGET_NAME)";
				SWIFT_EMIT_LOC_STRINGS = YES;
				SWIFT_VERSION = 5.0;
				TARGETED_DEVICE_FAMILY = "1,2";
			};
			name = Release;
		};
		C837A51C2B4C230B009E873D /* Debug */ = {
			isa = XCBuildConfiguration;
			buildSettings = {
				ALWAYS_EMBED_SWIFT_STANDARD_LIBRARIES = YES;
				BUNDLE_LOADER = "$(TEST_HOST)";
				CODE_SIGN_STYLE = Automatic;
				CURRENT_PROJECT_VERSION = 1;
				DEVELOPMENT_TEAM = ZCB87QTSJD;
				GENERATE_INFOPLIST_FILE = YES;
				IPHONEOS_DEPLOYMENT_TARGET = 17.2;
				MARKETING_VERSION = 1.0;
				PRODUCT_BUNDLE_IDENTIFIER = "com.MYCash-Task.MYCash-TaskTests";
				PRODUCT_NAME = "$(TARGET_NAME)";
				SWIFT_EMIT_LOC_STRINGS = NO;
				SWIFT_VERSION = 5.0;
				TARGETED_DEVICE_FAMILY = "1,2";
				TEST_HOST = "$(BUILT_PRODUCTS_DIR)/MYCash-Task.app/$(BUNDLE_EXECUTABLE_FOLDER_PATH)/MYCash-Task";
			};
			name = Debug;
		};
		C837A51D2B4C230B009E873D /* Release */ = {
			isa = XCBuildConfiguration;
			buildSettings = {
				ALWAYS_EMBED_SWIFT_STANDARD_LIBRARIES = YES;
				BUNDLE_LOADER = "$(TEST_HOST)";
				CODE_SIGN_STYLE = Automatic;
				CURRENT_PROJECT_VERSION = 1;
				DEVELOPMENT_TEAM = ZCB87QTSJD;
				GENERATE_INFOPLIST_FILE = YES;
				IPHONEOS_DEPLOYMENT_TARGET = 17.2;
				MARKETING_VERSION = 1.0;
				PRODUCT_BUNDLE_IDENTIFIER = "com.MYCash-Task.MYCash-TaskTests";
				PRODUCT_NAME = "$(TARGET_NAME)";
				SWIFT_EMIT_LOC_STRINGS = NO;
				SWIFT_VERSION = 5.0;
				TARGETED_DEVICE_FAMILY = "1,2";
				TEST_HOST = "$(BUILT_PRODUCTS_DIR)/MYCash-Task.app/$(BUNDLE_EXECUTABLE_FOLDER_PATH)/MYCash-Task";
			};
			name = Release;
		};
		C837A51F2B4C230B009E873D /* Debug */ = {
			isa = XCBuildConfiguration;
			buildSettings = {
				ALWAYS_EMBED_SWIFT_STANDARD_LIBRARIES = YES;
				CODE_SIGN_STYLE = Automatic;
				CURRENT_PROJECT_VERSION = 1;
				DEVELOPMENT_TEAM = ZCB87QTSJD;
				GENERATE_INFOPLIST_FILE = YES;
				MARKETING_VERSION = 1.0;
				PRODUCT_BUNDLE_IDENTIFIER = "com.MYCash-Task.MYCash-TaskUITests";
				PRODUCT_NAME = "$(TARGET_NAME)";
				SWIFT_EMIT_LOC_STRINGS = NO;
				SWIFT_VERSION = 5.0;
				TARGETED_DEVICE_FAMILY = "1,2";
				TEST_TARGET_NAME = "MYCash-Task";
			};
			name = Debug;
		};
		C837A5202B4C230B009E873D /* Release */ = {
			isa = XCBuildConfiguration;
			buildSettings = {
				ALWAYS_EMBED_SWIFT_STANDARD_LIBRARIES = YES;
				CODE_SIGN_STYLE = Automatic;
				CURRENT_PROJECT_VERSION = 1;
				DEVELOPMENT_TEAM = ZCB87QTSJD;
				GENERATE_INFOPLIST_FILE = YES;
				MARKETING_VERSION = 1.0;
				PRODUCT_BUNDLE_IDENTIFIER = "com.MYCash-Task.MYCash-TaskUITests";
				PRODUCT_NAME = "$(TARGET_NAME)";
				SWIFT_EMIT_LOC_STRINGS = NO;
				SWIFT_VERSION = 5.0;
				TARGETED_DEVICE_FAMILY = "1,2";
				TEST_TARGET_NAME = "MYCash-Task";
			};
			name = Release;
		};
/* End XCBuildConfiguration section */

/* Begin XCConfigurationList section */
		C837A4E92B4C2309009E873D /* Build configuration list for PBXProject "MYCash-Task" */ = {
			isa = XCConfigurationList;
			buildConfigurations = (
				C837A5162B4C230B009E873D /* Debug */,
				C837A5172B4C230B009E873D /* Release */,
			);
			defaultConfigurationIsVisible = 0;
			defaultConfigurationName = Release;
		};
		C837A5182B4C230B009E873D /* Build configuration list for PBXNativeTarget "MYCash-Task" */ = {
			isa = XCConfigurationList;
			buildConfigurations = (
				C837A5192B4C230B009E873D /* Debug */,
				C837A51A2B4C230B009E873D /* Release */,
			);
			defaultConfigurationIsVisible = 0;
			defaultConfigurationName = Release;
		};
		C837A51B2B4C230B009E873D /* Build configuration list for PBXNativeTarget "MYCash-TaskTests" */ = {
			isa = XCConfigurationList;
			buildConfigurations = (
				C837A51C2B4C230B009E873D /* Debug */,
				C837A51D2B4C230B009E873D /* Release */,
			);
			defaultConfigurationIsVisible = 0;
			defaultConfigurationName = Release;
		};
		C837A51E2B4C230B009E873D /* Build configuration list for PBXNativeTarget "MYCash-TaskUITests" */ = {
			isa = XCConfigurationList;
			buildConfigurations = (
				C837A51F2B4C230B009E873D /* Debug */,
				C837A5202B4C230B009E873D /* Release */,
			);
			defaultConfigurationIsVisible = 0;
			defaultConfigurationName = Release;
		};
/* End XCConfigurationList section */

/* Begin XCRemoteSwiftPackageReference section */
		C802C60C2B4D29B20069033B /* XCRemoteSwiftPackageReference "Alamofire" */ = {
			isa = XCRemoteSwiftPackageReference;
			repositoryURL = "https://github.com/Alamofire/Alamofire";
			requirement = {
				kind = upToNextMajorVersion;
				minimumVersion = 5.8.1;
			};
		};
		C802C60F2B4D2AFE0069033B /* XCRemoteSwiftPackageReference "RxSwift" */ = {
			isa = XCRemoteSwiftPackageReference;
			repositoryURL = "https://github.com/ReactiveX/RxSwift.git";
			requirement = {
				kind = upToNextMajorVersion;
				minimumVersion = 6.6.0;
			};
		};
		C802C61D2B4D30690069033B /* XCRemoteSwiftPackageReference "IQKeyboardManager" */ = {
			isa = XCRemoteSwiftPackageReference;
			repositoryURL = "https://github.com/hackiftekhar/IQKeyboardManager";
			requirement = {
				kind = upToNextMajorVersion;
				minimumVersion = 6.5.16;
			};
		};
		C87112222B4F181400B407F9 /* XCRemoteSwiftPackageReference "SDWebImage" */ = {
			isa = XCRemoteSwiftPackageReference;
			repositoryURL = "https://github.com/SDWebImage/SDWebImage";
			requirement = {
				kind = upToNextMajorVersion;
				minimumVersion = 5.18.9;
			};
		};
/* End XCRemoteSwiftPackageReference section */

/* Begin XCSwiftPackageProductDependency section */
		C802C60D2B4D29B20069033B /* Alamofire */ = {
			isa = XCSwiftPackageProductDependency;
			package = C802C60C2B4D29B20069033B /* XCRemoteSwiftPackageReference "Alamofire" */;
			productName = Alamofire;
		};
		C802C6102B4D2AFE0069033B /* RxCocoa */ = {
			isa = XCSwiftPackageProductDependency;
			package = C802C60F2B4D2AFE0069033B /* XCRemoteSwiftPackageReference "RxSwift" */;
			productName = RxCocoa;
		};
		C802C6122B4D2AFE0069033B /* RxRelay */ = {
			isa = XCSwiftPackageProductDependency;
			package = C802C60F2B4D2AFE0069033B /* XCRemoteSwiftPackageReference "RxSwift" */;
			productName = RxRelay;
		};
		C802C6142B4D2AFE0069033B /* RxSwift */ = {
			isa = XCSwiftPackageProductDependency;
			package = C802C60F2B4D2AFE0069033B /* XCRemoteSwiftPackageReference "RxSwift" */;
			productName = RxSwift;
		};
		C802C61E2B4D30690069033B /* IQKeyboardManagerSwift */ = {
			isa = XCSwiftPackageProductDependency;
			package = C802C61D2B4D30690069033B /* XCRemoteSwiftPackageReference "IQKeyboardManager" */;
			productName = IQKeyboardManagerSwift;
		};
		C87112232B4F181400B407F9 /* SDWebImage */ = {
			isa = XCSwiftPackageProductDependency;
			package = C87112222B4F181400B407F9 /* XCRemoteSwiftPackageReference "SDWebImage" */;
			productName = SDWebImage;
		};
/* End XCSwiftPackageProductDependency section */
	};
	rootObject = C837A4E62B4C2309009E873D /* Project object */;
}
