// !$*UTF8*$!
{
	archiveVersion = 1;
	classes = {
	};
	objectVersion = 56;
	objects = {

/* Begin PBXBuildFile section */
		C837A4F22B4C2309009E873D /* AppDelegate.swift in Sources */ = {isa = PBXBuildFile; fileRef = C837A4F12B4C2309009E873D /* AppDelegate.swift */; };
		C837A4F42B4C2309009E873D /* SceneDelegate.swift in Sources */ = {isa = PBXBuildFile; fileRef = C837A4F32B4C2309009E873D /* SceneDelegate.swift */; };
		C837A4FB2B4C230B009E873D /* Assets.xcassets in Resources */ = {isa = PBXBuildFile; fileRef = C837A4FA2B4C230B009E873D /* Assets.xcassets */; };
		C837A4FE2B4C230B009E873D /* LaunchScreen.storyboard in Resources */ = {isa = PBXBuildFile; fileRef = C837A4FC2B4C230B009E873D /* LaunchScreen.storyboard */; };
		C837A5092B4C230B009E873D /* MYCash_TaskTests.swift in Sources */ = {isa = PBXBuildFile; fileRef = C837A5082B4C230B009E873D /* MYCash_TaskTests.swift */; };
		C837A5132B4C230B009E873D /* MYCash_TaskUITests.swift in Sources */ = {isa = PBXBuildFile; fileRef = C837A5122B4C230B009E873D /* MYCash_TaskUITests.swift */; };
		C837A5152B4C230B009E873D /* MYCash_TaskUITestsLaunchTests.swift in Sources */ = {isa = PBXBuildFile; fileRef = C837A5142B4C230B009E873D /* MYCash_TaskUITestsLaunchTests.swift */; };
		C837A52B2B4C270D009E873D /* AppCoordinator.swift in Sources */ = {isa = PBXBuildFile; fileRef = C837A52A2B4C270D009E873D /* AppCoordinator.swift */; };
		C837A52D2B4C2BEA009E873D /* LoginCoordinator.swift in Sources */ = {isa = PBXBuildFile; fileRef = C837A52C2B4C2BEA009E873D /* LoginCoordinator.swift */; };
		C837A5312B4C2CA9009E873D /* LoginVC.swift in Sources */ = {isa = PBXBuildFile; fileRef = C837A52F2B4C2CA9009E873D /* LoginVC.swift */; };
		C837A5322B4C2CA9009E873D /* LoginVC.xib in Resources */ = {isa = PBXBuildFile; fileRef = C837A5302B4C2CA9009E873D /* LoginVC.xib */; };
		C837A5362B4C2CF4009E873D /* SplashScreenVC.swift in Sources */ = {isa = PBXBuildFile; fileRef = C837A5342B4C2CF4009E873D /* SplashScreenVC.swift */; };
		C837A5372B4C2CF4009E873D /* SplashScreenVC.xib in Resources */ = {isa = PBXBuildFile; fileRef = C837A5352B4C2CF4009E873D /* SplashScreenVC.xib */; };
		C837A5392B4C2E30009E873D /* SplashScreenCoordinator.swift in Sources */ = {isa = PBXBuildFile; fileRef = C837A5382B4C2E30009E873D /* SplashScreenCoordinator.swift */; };
/* End PBXBuildFile section */

/* Begin PBXContainerItemProxy section */
		C837A5052B4C230B009E873D /* PBXContainerItemProxy */ = {
			isa = PBXContainerItemProxy;
			containerPortal = C837A4E62B4C2309009E873D /* Project object */;
			proxyType = 1;
			remoteGlobalIDString = C837A4ED2B4C2309009E873D;
			remoteInfo = "MYCash-Task";
		};
		C837A50F2B4C230B009E873D /* PBXContainerItemProxy */ = {
			isa = PBXContainerItemProxy;
			containerPortal = C837A4E62B4C2309009E873D /* Project object */;
			proxyType = 1;
			remoteGlobalIDString = C837A4ED2B4C2309009E873D;
			remoteInfo = "MYCash-Task";
		};
/* End PBXContainerItemProxy section */

/* Begin PBXFileReference section */
		C837A4EE2B4C2309009E873D /* MYCash-Task.app */ = {isa = PBXFileReference; explicitFileType = wrapper.application; includeInIndex = 0; path = "MYCash-Task.app"; sourceTree = BUILT_PRODUCTS_DIR; };
		C837A4F12B4C2309009E873D /* AppDelegate.swift */ = {isa = PBXFileReference; lastKnownFileType = sourcecode.swift; path = AppDelegate.swift; sourceTree = "<group>"; };
		C837A4F32B4C2309009E873D /* SceneDelegate.swift */ = {isa = PBXFileReference; lastKnownFileType = sourcecode.swift; path = SceneDelegate.swift; sourceTree = "<group>"; };
		C837A4FA2B4C230B009E873D /* Assets.xcassets */ = {isa = PBXFileReference; lastKnownFileType = folder.assetcatalog; path = Assets.xcassets; sourceTree = "<group>"; };
		C837A4FD2B4C230B009E873D /* Base */ = {isa = PBXFileReference; lastKnownFileType = file.storyboard; name = Base; path = Base.lproj/LaunchScreen.storyboard; sourceTree = "<group>"; };
		C837A4FF2B4C230B009E873D /* Info.plist */ = {isa = PBXFileReference; lastKnownFileType = text.plist.xml; path = Info.plist; sourceTree = "<group>"; };
		C837A5042B4C230B009E873D /* MYCash-TaskTests.xctest */ = {isa = PBXFileReference; explicitFileType = wrapper.cfbundle; includeInIndex = 0; path = "MYCash-TaskTests.xctest"; sourceTree = BUILT_PRODUCTS_DIR; };
		C837A5082B4C230B009E873D /* MYCash_TaskTests.swift */ = {isa = PBXFileReference; lastKnownFileType = sourcecode.swift; path = MYCash_TaskTests.swift; sourceTree = "<group>"; };
		C837A50E2B4C230B009E873D /* MYCash-TaskUITests.xctest */ = {isa = PBXFileReference; explicitFileType = wrapper.cfbundle; includeInIndex = 0; path = "MYCash-TaskUITests.xctest"; sourceTree = BUILT_PRODUCTS_DIR; };
		C837A5122B4C230B009E873D /* MYCash_TaskUITests.swift */ = {isa = PBXFileReference; lastKnownFileType = sourcecode.swift; path = MYCash_TaskUITests.swift; sourceTree = "<group>"; };
		C837A5142B4C230B009E873D /* MYCash_TaskUITestsLaunchTests.swift */ = {isa = PBXFileReference; lastKnownFileType = sourcecode.swift; path = MYCash_TaskUITestsLaunchTests.swift; sourceTree = "<group>"; };
		C837A52A2B4C270D009E873D /* AppCoordinator.swift */ = {isa = PBXFileReference; lastKnownFileType = sourcecode.swift; path = AppCoordinator.swift; sourceTree = "<group>"; };
		C837A52C2B4C2BEA009E873D /* LoginCoordinator.swift */ = {isa = PBXFileReference; lastKnownFileType = sourcecode.swift; path = LoginCoordinator.swift; sourceTree = "<group>"; };
		C837A52F2B4C2CA9009E873D /* LoginVC.swift */ = {isa = PBXFileReference; lastKnownFileType = sourcecode.swift; path = LoginVC.swift; sourceTree = "<group>"; };
		C837A5302B4C2CA9009E873D /* LoginVC.xib */ = {isa = PBXFileReference; lastKnownFileType = file.xib; path = LoginVC.xib; sourceTree = "<group>"; };
		C837A5342B4C2CF4009E873D /* SplashScreenVC.swift */ = {isa = PBXFileReference; lastKnownFileType = sourcecode.swift; path = SplashScreenVC.swift; sourceTree = "<group>"; };
		C837A5352B4C2CF4009E873D /* SplashScreenVC.xib */ = {isa = PBXFileReference; lastKnownFileType = file.xib; path = SplashScreenVC.xib; sourceTree = "<group>"; };
		C837A5382B4C2E30009E873D /* SplashScreenCoordinator.swift */ = {isa = PBXFileReference; lastKnownFileType = sourcecode.swift; path = SplashScreenCoordinator.swift; sourceTree = "<group>"; };
/* End PBXFileReference section */

/* Begin PBXFrameworksBuildPhase section */
		C837A4EB2B4C2309009E873D /* Frameworks */ = {
			isa = PBXFrameworksBuildPhase;
			buildActionMask = 2147483647;
			files = (
			);
			runOnlyForDeploymentPostprocessing = 0;
		};
		C837A5012B4C230B009E873D /* Frameworks */ = {
			isa = PBXFrameworksBuildPhase;
			buildActionMask = 2147483647;
			files = (
			);
			runOnlyForDeploymentPostprocessing = 0;
		};
		C837A50B2B4C230B009E873D /* Frameworks */ = {
			isa = PBXFrameworksBuildPhase;
			buildActionMask = 2147483647;
			files = (
			);
			runOnlyForDeploymentPostprocessing = 0;
		};
/* End PBXFrameworksBuildPhase section */

/* Begin PBXGroup section */
		C837A4E52B4C2309009E873D = {
			isa = PBXGroup;
			children = (
				C837A4F02B4C2309009E873D /* MYCash-Task */,
				C837A5072B4C230B009E873D /* MYCash-TaskTests */,
				C837A5112B4C230B009E873D /* MYCash-TaskUITests */,
				C837A4EF2B4C2309009E873D /* Products */,
			);
			sourceTree = "<group>";
		};
		C837A4EF2B4C2309009E873D /* Products */ = {
			isa = PBXGroup;
			children = (
				C837A4EE2B4C2309009E873D /* MYCash-Task.app */,
				C837A5042B4C230B009E873D /* MYCash-TaskTests.xctest */,
				C837A50E2B4C230B009E873D /* MYCash-TaskUITests.xctest */,
			);
			name = Products;
			sourceTree = "<group>";
		};
		C837A4F02B4C2309009E873D /* MYCash-Task */ = {
			isa = PBXGroup;
			children = (
				C837A5212B4C23F2009E873D /* Core */,
				C837A5232B4C2623009E873D /* Managers */,
				C837A5262B4C2693009E873D /* Utilities */,
				C837A5242B4C2635009E873D /* Networking */,
				C837A5292B4C26EA009E873D /* Coordinators */,
				C837A5222B4C260A009E873D /* Modules */,
				C837A5252B4C264A009E873D /* Resources */,
			);
			path = "MYCash-Task";
			sourceTree = "<group>";
		};
		C837A5072B4C230B009E873D /* MYCash-TaskTests */ = {
			isa = PBXGroup;
			children = (
				C837A5082B4C230B009E873D /* MYCash_TaskTests.swift */,
			);
			path = "MYCash-TaskTests";
			sourceTree = "<group>";
		};
		C837A5112B4C230B009E873D /* MYCash-TaskUITests */ = {
			isa = PBXGroup;
			children = (
				C837A5122B4C230B009E873D /* MYCash_TaskUITests.swift */,
				C837A5142B4C230B009E873D /* MYCash_TaskUITestsLaunchTests.swift */,
			);
			path = "MYCash-TaskUITests";
			sourceTree = "<group>";
		};
		C837A5212B4C23F2009E873D /* Core */ = {
			isa = PBXGroup;
			children = (
				C837A4F12B4C2309009E873D /* AppDelegate.swift */,
				C837A4F32B4C2309009E873D /* SceneDelegate.swift */,
			);
			path = Core;
			sourceTree = "<group>";
		};
		C837A5222B4C260A009E873D /* Modules */ = {
			isa = PBXGroup;
			children = (
				C837A5332B4C2CBA009E873D /* SplashScreenVC */,
				C837A52E2B4C2C89009E873D /* LoginVC */,
			);
			path = Modules;
			sourceTree = "<group>";
		};
		C837A5232B4C2623009E873D /* Managers */ = {
			isa = PBXGroup;
			children = (
			);
			path = Managers;
			sourceTree = "<group>";
		};
		C837A5242B4C2635009E873D /* Networking */ = {
			isa = PBXGroup;
			children = (
			);
			path = Networking;
			sourceTree = "<group>";
		};
		C837A5252B4C264A009E873D /* Resources */ = {
			isa = PBXGroup;
			children = (
				C837A4FA2B4C230B009E873D /* Assets.xcassets */,
				C837A4FF2B4C230B009E873D /* Info.plist */,
				C837A4FC2B4C230B009E873D /* LaunchScreen.storyboard */,
			);
			path = Resources;
			sourceTree = "<group>";
		};
		C837A5262B4C2693009E873D /* Utilities */ = {
			isa = PBXGroup;
			children = (
				C837A5282B4C26BB009E873D /* Extensions */,
				C837A5272B4C2699009E873D /* Reusable Components */,
			);
			path = Utilities;
			sourceTree = "<group>";
		};
		C837A5272B4C2699009E873D /* Reusable Components */ = {
			isa = PBXGroup;
			children = (
			);
			path = "Reusable Components";
			sourceTree = "<group>";
		};
		C837A5282B4C26BB009E873D /* Extensions */ = {
			isa = PBXGroup;
			children = (
			);
			path = Extensions;
			sourceTree = "<group>";
		};
		C837A5292B4C26EA009E873D /* Coordinators */ = {
			isa = PBXGroup;
			children = (
				C837A52A2B4C270D009E873D /* AppCoordinator.swift */,
				C837A52C2B4C2BEA009E873D /* LoginCoordinator.swift */,
				C837A5382B4C2E30009E873D /* SplashScreenCoordinator.swift */,
			);
			path = Coordinators;
			sourceTree = "<group>";
		};
		C837A52E2B4C2C89009E873D /* LoginVC */ = {
			isa = PBXGroup;
			children = (
				C837A52F2B4C2CA9009E873D /* LoginVC.swift */,
				C837A5302B4C2CA9009E873D /* LoginVC.xib */,
			);
			path = LoginVC;
			sourceTree = "<group>";
		};
		C837A5332B4C2CBA009E873D /* SplashScreenVC */ = {
			isa = PBXGroup;
			children = (
				C837A5342B4C2CF4009E873D /* SplashScreenVC.swift */,
				C837A5352B4C2CF4009E873D /* SplashScreenVC.xib */,
			);
			path = SplashScreenVC;
			sourceTree = "<group>";
		};
/* End PBXGroup section */

/* Begin PBXNativeTarget section */
		C837A4ED2B4C2309009E873D /* MYCash-Task */ = {
			isa = PBXNativeTarget;
			buildConfigurationList = C837A5182B4C230B009E873D /* Build configuration list for PBXNativeTarget "MYCash-Task" */;
			buildPhases = (
				C837A4EA2B4C2309009E873D /* Sources */,
				C837A4EB2B4C2309009E873D /* Frameworks */,
				C837A4EC2B4C2309009E873D /* Resources */,
			);
			buildRules = (
			);
			dependencies = (
			);
			name = "MYCash-Task";
			productName = "MYCash-Task";
			productReference = C837A4EE2B4C2309009E873D /* MYCash-Task.app */;
			productType = "com.apple.product-type.application";
		};
		C837A5032B4C230B009E873D /* MYCash-TaskTests */ = {
			isa = PBXNativeTarget;
			buildConfigurationList = C837A51B2B4C230B009E873D /* Build configuration list for PBXNativeTarget "MYCash-TaskTests" */;
			buildPhases = (
				C837A5002B4C230B009E873D /* Sources */,
				C837A5012B4C230B009E873D /* Frameworks */,
				C837A5022B4C230B009E873D /* Resources */,
			);
			buildRules = (
			);
			dependencies = (
				C837A5062B4C230B009E873D /* PBXTargetDependency */,
			);
			name = "MYCash-TaskTests";
			productName = "MYCash-TaskTests";
			productReference = C837A5042B4C230B009E873D /* MYCash-TaskTests.xctest */;
			productType = "com.apple.product-type.bundle.unit-test";
		};
		C837A50D2B4C230B009E873D /* MYCash-TaskUITests */ = {
			isa = PBXNativeTarget;
			buildConfigurationList = C837A51E2B4C230B009E873D /* Build configuration list for PBXNativeTarget "MYCash-TaskUITests" */;
			buildPhases = (
				C837A50A2B4C230B009E873D /* Sources */,
				C837A50B2B4C230B009E873D /* Frameworks */,
				C837A50C2B4C230B009E873D /* Resources */,
			);
			buildRules = (
			);
			dependencies = (
				C837A5102B4C230B009E873D /* PBXTargetDependency */,
			);
			name = "MYCash-TaskUITests";
			productName = "MYCash-TaskUITests";
			productReference = C837A50E2B4C230B009E873D /* MYCash-TaskUITests.xctest */;
			productType = "com.apple.product-type.bundle.ui-testing";
		};
/* End PBXNativeTarget section */

/* Begin PBXProject section */
		C837A4E62B4C2309009E873D /* Project object */ = {
			isa = PBXProject;
			attributes = {
				BuildIndependentTargetsInParallel = 1;
				LastSwiftUpdateCheck = 1510;
				LastUpgradeCheck = 1510;
				TargetAttributes = {
					C837A4ED2B4C2309009E873D = {
						CreatedOnToolsVersion = 15.1;
					};
					C837A5032B4C230B009E873D = {
						CreatedOnToolsVersion = 15.1;
						TestTargetID = C837A4ED2B4C2309009E873D;
					};
					C837A50D2B4C230B009E873D = {
						CreatedOnToolsVersion = 15.1;
						TestTargetID = C837A4ED2B4C2309009E873D;
					};
				};
			};
			buildConfigurationList = C837A4E92B4C2309009E873D /* Build configuration list for PBXProject "MYCash-Task" */;
			compatibilityVersion = "Xcode 14.0";
			developmentRegion = en;
			hasScannedForEncodings = 0;
			knownRegions = (
				en,
				Base,
			);
			mainGroup = C837A4E52B4C2309009E873D;
			productRefGroup = C837A4EF2B4C2309009E873D /* Products */;
			projectDirPath = "";
			projectRoot = "";
			targets = (
				C837A4ED2B4C2309009E873D /* MYCash-Task */,
				C837A5032B4C230B009E873D /* MYCash-TaskTests */,
				C837A50D2B4C230B009E873D /* MYCash-TaskUITests */,
			);
		};
/* End PBXProject section */

/* Begin PBXResourcesBuildPhase section */
		C837A4EC2B4C2309009E873D /* Resources */ = {
			isa = PBXResourcesBuildPhase;
			buildActionMask = 2147483647;
			files = (
				C837A5322B4C2CA9009E873D /* LoginVC.xib in Resources */,
				C837A4FE2B4C230B009E873D /* LaunchScreen.storyboard in Resources */,
				C837A4FB2B4C230B009E873D /* Assets.xcassets in Resources */,
				C837A5372B4C2CF4009E873D /* SplashScreenVC.xib in Resources */,
			);
			runOnlyForDeploymentPostprocessing = 0;
		};
		C837A5022B4C230B009E873D /* Resources */ = {
			isa = PBXResourcesBuildPhase;
			buildActionMask = 2147483647;
			files = (
			);
			runOnlyForDeploymentPostprocessing = 0;
		};
		C837A50C2B4C230B009E873D /* Resources */ = {
			isa = PBXResourcesBuildPhase;
			buildActionMask = 2147483647;
			files = (
			);
			runOnlyForDeploymentPostprocessing = 0;
		};
/* End PBXResourcesBuildPhase section */

/* Begin PBXSourcesBuildPhase section */
		C837A4EA2B4C2309009E873D /* Sources */ = {
			isa = PBXSourcesBuildPhase;
			buildActionMask = 2147483647;
			files = (
				C837A52B2B4C270D009E873D /* AppCoordinator.swift in Sources */,
				C837A4F22B4C2309009E873D /* AppDelegate.swift in Sources */,
				C837A52D2B4C2BEA009E873D /* LoginCoordinator.swift in Sources */,
				C837A5392B4C2E30009E873D /* SplashScreenCoordinator.swift in Sources */,
				C837A5362B4C2CF4009E873D /* SplashScreenVC.swift in Sources */,
				C837A4F42B4C2309009E873D /* SceneDelegate.swift in Sources */,
				C837A5312B4C2CA9009E873D /* LoginVC.swift in Sources */,
			);
			runOnlyForDeploymentPostprocessing = 0;
		};
		C837A5002B4C230B009E873D /* Sources */ = {
			isa = PBXSourcesBuildPhase;
			buildActionMask = 2147483647;
			files = (
				C837A5092B4C230B009E873D /* MYCash_TaskTests.swift in Sources */,
			);
			runOnlyForDeploymentPostprocessing = 0;
		};
		C837A50A2B4C230B009E873D /* Sources */ = {
			isa = PBXSourcesBuildPhase;
			buildActionMask = 2147483647;
			files = (
				C837A5152B4C230B009E873D /* MYCash_TaskUITestsLaunchTests.swift in Sources */,
				C837A5132B4C230B009E873D /* MYCash_TaskUITests.swift in Sources */,
			);
			runOnlyForDeploymentPostprocessing = 0;
		};
/* End PBXSourcesBuildPhase section */

/* Begin PBXTargetDependency section */
		C837A5062B4C230B009E873D /* PBXTargetDependency */ = {
			isa = PBXTargetDependency;
			target = C837A4ED2B4C2309009E873D /* MYCash-Task */;
			targetProxy = C837A5052B4C230B009E873D /* PBXContainerItemProxy */;
		};
		C837A5102B4C230B009E873D /* PBXTargetDependency */ = {
			isa = PBXTargetDependency;
			target = C837A4ED2B4C2309009E873D /* MYCash-Task */;
			targetProxy = C837A50F2B4C230B009E873D /* PBXContainerItemProxy */;
		};
/* End PBXTargetDependency section */

/* Begin PBXVariantGroup section */
		C837A4FC2B4C230B009E873D /* LaunchScreen.storyboard */ = {
			isa = PBXVariantGroup;
			children = (
				C837A4FD2B4C230B009E873D /* Base */,
			);
			name = LaunchScreen.storyboard;
			sourceTree = "<group>";
		};
/* End PBXVariantGroup section */

/* Begin XCBuildConfiguration section */
		C837A5162B4C230B009E873D /* Debug */ = {
			isa = XCBuildConfiguration;
			buildSettings = {
				ALWAYS_SEARCH_USER_PATHS = NO;
				ASSETCATALOG_COMPILER_GENERATE_SWIFT_ASSET_SYMBOL_EXTENSIONS = YES;
				CLANG_ANALYZER_NONNULL = YES;
				CLANG_ANALYZER_NUMBER_OBJECT_CONVERSION = YES_AGGRESSIVE;
				CLANG_CXX_LANGUAGE_STANDARD = "gnu++20";
				CLANG_ENABLE_MODULES = YES;
				CLANG_ENABLE_OBJC_ARC = YES;
				CLANG_ENABLE_OBJC_WEAK = YES;
				CLANG_WARN_BLOCK_CAPTURE_AUTORELEASING = YES;
				CLANG_WARN_BOOL_CONVERSION = YES;
				CLANG_WARN_COMMA = YES;
				CLANG_WARN_CONSTANT_CONVERSION = YES;
				CLANG_WARN_DEPRECATED_OBJC_IMPLEMENTATIONS = YES;
				CLANG_WARN_DIRECT_OBJC_ISA_USAGE = YES_ERROR;
				CLANG_WARN_DOCUMENTATION_COMMENTS = YES;
				CLANG_WARN_EMPTY_BODY = YES;
				CLANG_WARN_ENUM_CONVERSION = YES;
				CLANG_WARN_INFINITE_RECURSION = YES;
				CLANG_WARN_INT_CONVERSION = YES;
				CLANG_WARN_NON_LITERAL_NULL_CONVERSION = YES;
				CLANG_WARN_OBJC_IMPLICIT_RETAIN_SELF = YES;
				CLANG_WARN_OBJC_LITERAL_CONVERSION = YES;
				CLANG_WARN_OBJC_ROOT_CLASS = YES_ERROR;
				CLANG_WARN_QUOTED_INCLUDE_IN_FRAMEWORK_HEADER = YES;
				CLANG_WARN_RANGE_LOOP_ANALYSIS = YES;
				CLANG_WARN_STRICT_PROTOTYPES = YES;
				CLANG_WARN_SUSPICIOUS_MOVE = YES;
				CLANG_WARN_UNGUARDED_AVAILABILITY = YES_AGGRESSIVE;
				CLANG_WARN_UNREACHABLE_CODE = YES;
				CLANG_WARN__DUPLICATE_METHOD_MATCH = YES;
				COPY_PHASE_STRIP = NO;
				DEBUG_INFORMATION_FORMAT = dwarf;
				ENABLE_STRICT_OBJC_MSGSEND = YES;
				ENABLE_TESTABILITY = YES;
				ENABLE_USER_SCRIPT_SANDBOXING = YES;
				GCC_C_LANGUAGE_STANDARD = gnu17;
				GCC_DYNAMIC_NO_PIC = NO;
				GCC_NO_COMMON_BLOCKS = YES;
				GCC_OPTIMIZATION_LEVEL = 0;
				GCC_PREPROCESSOR_DEFINITIONS = (
					"DEBUG=1",
					"$(inherited)",
				);
				GCC_WARN_64_TO_32_BIT_CONVERSION = YES;
				GCC_WARN_ABOUT_RETURN_TYPE = YES_ERROR;
				GCC_WARN_UNDECLARED_SELECTOR = YES;
				GCC_WARN_UNINITIALIZED_AUTOS = YES_AGGRESSIVE;
				GCC_WARN_UNUSED_FUNCTION = YES;
				GCC_WARN_UNUSED_VARIABLE = YES;
				IPHONEOS_DEPLOYMENT_TARGET = 17.2;
				LOCALIZATION_PREFERS_STRING_CATALOGS = YES;
				MTL_ENABLE_DEBUG_INFO = INCLUDE_SOURCE;
				MTL_FAST_MATH = YES;
				ONLY_ACTIVE_ARCH = YES;
				SDKROOT = iphoneos;
				SWIFT_ACTIVE_COMPILATION_CONDITIONS = "DEBUG $(inherited)";
				SWIFT_OPTIMIZATION_LEVEL = "-Onone";
			};
			name = Debug;
		};
		C837A5172B4C230B009E873D /* Release */ = {
			isa = XCBuildConfiguration;
			buildSettings = {
				ALWAYS_SEARCH_USER_PATHS = NO;
				ASSETCATALOG_COMPILER_GENERATE_SWIFT_ASSET_SYMBOL_EXTENSIONS = YES;
				CLANG_ANALYZER_NONNULL = YES;
				CLANG_ANALYZER_NUMBER_OBJECT_CONVERSION = YES_AGGRESSIVE;
				CLANG_CXX_LANGUAGE_STANDARD = "gnu++20";
				CLANG_ENABLE_MODULES = YES;
				CLANG_ENABLE_OBJC_ARC = YES;
				CLANG_ENABLE_OBJC_WEAK = YES;
				CLANG_WARN_BLOCK_CAPTURE_AUTORELEASING = YES;
				CLANG_WARN_BOOL_CONVERSION = YES;
				CLANG_WARN_COMMA = YES;
				CLANG_WARN_CONSTANT_CONVERSION = YES;
				CLANG_WARN_DEPRECATED_OBJC_IMPLEMENTATIONS = YES;
				CLANG_WARN_DIRECT_OBJC_ISA_USAGE = YES_ERROR;
				CLANG_WARN_DOCUMENTATION_COMMENTS = YES;
				CLANG_WARN_EMPTY_BODY = YES;
				CLANG_WARN_ENUM_CONVERSION = YES;
				CLANG_WARN_INFINITE_RECURSION = YES;
				CLANG_WARN_INT_CONVERSION = YES;
				CLANG_WARN_NON_LITERAL_NULL_CONVERSION = YES;
				CLANG_WARN_OBJC_IMPLICIT_RETAIN_SELF = YES;
				CLANG_WARN_OBJC_LITERAL_CONVERSION = YES;
				CLANG_WARN_OBJC_ROOT_CLASS = YES_ERROR;
				CLANG_WARN_QUOTED_INCLUDE_IN_FRAMEWORK_HEADER = YES;
				CLANG_WARN_RANGE_LOOP_ANALYSIS = YES;
				CLANG_WARN_STRICT_PROTOTYPES = YES;
				CLANG_WARN_SUSPICIOUS_MOVE = YES;
				CLANG_WARN_UNGUARDED_AVAILABILITY = YES_AGGRESSIVE;
				CLANG_WARN_UNREACHABLE_CODE = YES;
				CLANG_WARN__DUPLICATE_METHOD_MATCH = YES;
				COPY_PHASE_STRIP = NO;
				DEBUG_INFORMATION_FORMAT = "dwarf-with-dsym";
				ENABLE_NS_ASSERTIONS = NO;
				ENABLE_STRICT_OBJC_MSGSEND = YES;
				ENABLE_USER_SCRIPT_SANDBOXING = YES;
				GCC_C_LANGUAGE_STANDARD = gnu17;
				GCC_NO_COMMON_BLOCKS = YES;
				GCC_WARN_64_TO_32_BIT_CONVERSION = YES;
				GCC_WARN_ABOUT_RETURN_TYPE = YES_ERROR;
				GCC_WARN_UNDECLARED_SELECTOR = YES;
				GCC_WARN_UNINITIALIZED_AUTOS = YES_AGGRESSIVE;
				GCC_WARN_UNUSED_FUNCTION = YES;
				GCC_WARN_UNUSED_VARIABLE = YES;
				IPHONEOS_DEPLOYMENT_TARGET = 17.2;
				LOCALIZATION_PREFERS_STRING_CATALOGS = YES;
				MTL_ENABLE_DEBUG_INFO = NO;
				MTL_FAST_MATH = YES;
				SDKROOT = iphoneos;
				SWIFT_COMPILATION_MODE = wholemodule;
				VALIDATE_PRODUCT = YES;
			};
			name = Release;
		};
		C837A5192B4C230B009E873D /* Debug */ = {
			isa = XCBuildConfiguration;
			buildSettings = {
				ASSETCATALOG_COMPILER_APPICON_NAME = AppIcon;
				ASSETCATALOG_COMPILER_GLOBAL_ACCENT_COLOR_NAME = AccentColor;
				CODE_SIGN_STYLE = Automatic;
				CURRENT_PROJECT_VERSION = 1;
				DEVELOPMENT_TEAM = ZCB87QTSJD;
				GENERATE_INFOPLIST_FILE = YES;
				INFOPLIST_FILE = "MYCash-Task/Resources/Info.plist";
				INFOPLIST_KEY_UIApplicationSupportsIndirectInputEvents = YES;
				INFOPLIST_KEY_UILaunchStoryboardName = LaunchScreen;
				INFOPLIST_KEY_UISupportedInterfaceOrientations_iPad = "UIInterfaceOrientationPortrait UIInterfaceOrientationPortraitUpsideDown UIInterfaceOrientationLandscapeLeft UIInterfaceOrientationLandscapeRight";
				INFOPLIST_KEY_UISupportedInterfaceOrientations_iPhone = "UIInterfaceOrientationPortrait UIInterfaceOrientationLandscapeLeft UIInterfaceOrientationLandscapeRight";
				LD_RUNPATH_SEARCH_PATHS = (
					"$(inherited)",
					"@executable_path/Frameworks",
				);
				MARKETING_VERSION = 1.0;
				PRODUCT_BUNDLE_IDENTIFIER = "com.MYCash-Task.MYCash-Task";
				PRODUCT_NAME = "$(TARGET_NAME)";
				SWIFT_EMIT_LOC_STRINGS = YES;
				SWIFT_VERSION = 5.0;
				TARGETED_DEVICE_FAMILY = "1,2";
			};
			name = Debug;
		};
		C837A51A2B4C230B009E873D /* Release */ = {
			isa = XCBuildConfiguration;
			buildSettings = {
				ASSETCATALOG_COMPILER_APPICON_NAME = AppIcon;
				ASSETCATALOG_COMPILER_GLOBAL_ACCENT_COLOR_NAME = AccentColor;
				CODE_SIGN_STYLE = Automatic;
				CURRENT_PROJECT_VERSION = 1;
				DEVELOPMENT_TEAM = ZCB87QTSJD;
				GENERATE_INFOPLIST_FILE = YES;
				INFOPLIST_FILE = "MYCash-Task/Resources/Info.plist";
				INFOPLIST_KEY_UIApplicationSupportsIndirectInputEvents = YES;
				INFOPLIST_KEY_UILaunchStoryboardName = LaunchScreen;
				INFOPLIST_KEY_UISupportedInterfaceOrientations_iPad = "UIInterfaceOrientationPortrait UIInterfaceOrientationPortraitUpsideDown UIInterfaceOrientationLandscapeLeft UIInterfaceOrientationLandscapeRight";
				INFOPLIST_KEY_UISupportedInterfaceOrientations_iPhone = "UIInterfaceOrientationPortrait UIInterfaceOrientationLandscapeLeft UIInterfaceOrientationLandscapeRight";
				LD_RUNPATH_SEARCH_PATHS = (
					"$(inherited)",
					"@executable_path/Frameworks",
				);
				MARKETING_VERSION = 1.0;
				PRODUCT_BUNDLE_IDENTIFIER = "com.MYCash-Task.MYCash-Task";
				PRODUCT_NAME = "$(TARGET_NAME)";
				SWIFT_EMIT_LOC_STRINGS = YES;
				SWIFT_VERSION = 5.0;
				TARGETED_DEVICE_FAMILY = "1,2";
			};
			name = Release;
		};
		C837A51C2B4C230B009E873D /* Debug */ = {
			isa = XCBuildConfiguration;
			buildSettings = {
				ALWAYS_EMBED_SWIFT_STANDARD_LIBRARIES = YES;
				BUNDLE_LOADER = "$(TEST_HOST)";
				CODE_SIGN_STYLE = Automatic;
				CURRENT_PROJECT_VERSION = 1;
				DEVELOPMENT_TEAM = ZCB87QTSJD;
				GENERATE_INFOPLIST_FILE = YES;
				IPHONEOS_DEPLOYMENT_TARGET = 17.2;
				MARKETING_VERSION = 1.0;
				PRODUCT_BUNDLE_IDENTIFIER = "com.MYCash-Task.MYCash-TaskTests";
				PRODUCT_NAME = "$(TARGET_NAME)";
				SWIFT_EMIT_LOC_STRINGS = NO;
				SWIFT_VERSION = 5.0;
				TARGETED_DEVICE_FAMILY = "1,2";
				TEST_HOST = "$(BUILT_PRODUCTS_DIR)/MYCash-Task.app/$(BUNDLE_EXECUTABLE_FOLDER_PATH)/MYCash-Task";
			};
			name = Debug;
		};
		C837A51D2B4C230B009E873D /* Release */ = {
			isa = XCBuildConfiguration;
			buildSettings = {
				ALWAYS_EMBED_SWIFT_STANDARD_LIBRARIES = YES;
				BUNDLE_LOADER = "$(TEST_HOST)";
				CODE_SIGN_STYLE = Automatic;
				CURRENT_PROJECT_VERSION = 1;
				DEVELOPMENT_TEAM = ZCB87QTSJD;
				GENERATE_INFOPLIST_FILE = YES;
				IPHONEOS_DEPLOYMENT_TARGET = 17.2;
				MARKETING_VERSION = 1.0;
				PRODUCT_BUNDLE_IDENTIFIER = "com.MYCash-Task.MYCash-TaskTests";
				PRODUCT_NAME = "$(TARGET_NAME)";
				SWIFT_EMIT_LOC_STRINGS = NO;
				SWIFT_VERSION = 5.0;
				TARGETED_DEVICE_FAMILY = "1,2";
				TEST_HOST = "$(BUILT_PRODUCTS_DIR)/MYCash-Task.app/$(BUNDLE_EXECUTABLE_FOLDER_PATH)/MYCash-Task";
			};
			name = Release;
		};
		C837A51F2B4C230B009E873D /* Debug */ = {
			isa = XCBuildConfiguration;
			buildSettings = {
				ALWAYS_EMBED_SWIFT_STANDARD_LIBRARIES = YES;
				CODE_SIGN_STYLE = Automatic;
				CURRENT_PROJECT_VERSION = 1;
				DEVELOPMENT_TEAM = ZCB87QTSJD;
				GENERATE_INFOPLIST_FILE = YES;
				MARKETING_VERSION = 1.0;
				PRODUCT_BUNDLE_IDENTIFIER = "com.MYCash-Task.MYCash-TaskUITests";
				PRODUCT_NAME = "$(TARGET_NAME)";
				SWIFT_EMIT_LOC_STRINGS = NO;
				SWIFT_VERSION = 5.0;
				TARGETED_DEVICE_FAMILY = "1,2";
				TEST_TARGET_NAME = "MYCash-Task";
			};
			name = Debug;
		};
		C837A5202B4C230B009E873D /* Release */ = {
			isa = XCBuildConfiguration;
			buildSettings = {
				ALWAYS_EMBED_SWIFT_STANDARD_LIBRARIES = YES;
				CODE_SIGN_STYLE = Automatic;
				CURRENT_PROJECT_VERSION = 1;
				DEVELOPMENT_TEAM = ZCB87QTSJD;
				GENERATE_INFOPLIST_FILE = YES;
				MARKETING_VERSION = 1.0;
				PRODUCT_BUNDLE_IDENTIFIER = "com.MYCash-Task.MYCash-TaskUITests";
				PRODUCT_NAME = "$(TARGET_NAME)";
				SWIFT_EMIT_LOC_STRINGS = NO;
				SWIFT_VERSION = 5.0;
				TARGETED_DEVICE_FAMILY = "1,2";
				TEST_TARGET_NAME = "MYCash-Task";
			};
			name = Release;
		};
/* End XCBuildConfiguration section */

/* Begin XCConfigurationList section */
		C837A4E92B4C2309009E873D /* Build configuration list for PBXProject "MYCash-Task" */ = {
			isa = XCConfigurationList;
			buildConfigurations = (
				C837A5162B4C230B009E873D /* Debug */,
				C837A5172B4C230B009E873D /* Release */,
			);
			defaultConfigurationIsVisible = 0;
			defaultConfigurationName = Release;
		};
		C837A5182B4C230B009E873D /* Build configuration list for PBXNativeTarget "MYCash-Task" */ = {
			isa = XCConfigurationList;
			buildConfigurations = (
				C837A5192B4C230B009E873D /* Debug */,
				C837A51A2B4C230B009E873D /* Release */,
			);
			defaultConfigurationIsVisible = 0;
			defaultConfigurationName = Release;
		};
		C837A51B2B4C230B009E873D /* Build configuration list for PBXNativeTarget "MYCash-TaskTests" */ = {
			isa = XCConfigurationList;
			buildConfigurations = (
				C837A51C2B4C230B009E873D /* Debug */,
				C837A51D2B4C230B009E873D /* Release */,
			);
			defaultConfigurationIsVisible = 0;
			defaultConfigurationName = Release;
		};
		C837A51E2B4C230B009E873D /* Build configuration list for PBXNativeTarget "MYCash-TaskUITests" */ = {
			isa = XCConfigurationList;
			buildConfigurations = (
				C837A51F2B4C230B009E873D /* Debug */,
				C837A5202B4C230B009E873D /* Release */,
			);
			defaultConfigurationIsVisible = 0;
			defaultConfigurationName = Release;
		};
/* End XCConfigurationList section */
	};
	rootObject = C837A4E62B4C2309009E873D /* Project object */;
}
